// !$*UTF8*$!
{
	archiveVersion = 1;
	classes = {
	};
	objectVersion = 50;
	objects = {

/* Begin PBXBuildFile section */
		B7047A97247EF1B600F18D3C /* Component.cpp in Sources */ = {isa = PBXBuildFile; fileRef = B7047A95247EF1B600F18D3C /* Component.cpp */; };
		B7047A98247EF1B600F18D3C /* Component.hpp in Headers */ = {isa = PBXBuildFile; fileRef = B7047A96247EF1B600F18D3C /* Component.hpp */; };
		B7047A9B247F978F00F18D3C /* Entity.cpp in Sources */ = {isa = PBXBuildFile; fileRef = B7047A99247F978F00F18D3C /* Entity.cpp */; };
		B7047A9F247F9DA200F18D3C /* Core.cpp in Sources */ = {isa = PBXBuildFile; fileRef = B7047A9D247F9DA200F18D3C /* Core.cpp */; };
		B7047AA0247F9DA200F18D3C /* Core.hpp in Headers */ = {isa = PBXBuildFile; fileRef = B7047A9E247F9DA200F18D3C /* Core.hpp */; };
		B7047AA624857E2400F18D3C /* Scene.mm in Sources */ = {isa = PBXBuildFile; fileRef = B7047AA524857E2400F18D3C /* Scene.mm */; };
		B715B23624D2021B00B4C859 /* libSpirit.a in Frameworks */ = {isa = PBXBuildFile; fileRef = B7671EC3244D7DC80075D52C /* libSpirit.a */; };
		B715B23724D203F500B4C859 /* libAppleCppAPI.a in Frameworks */ = {isa = PBXBuildFile; fileRef = B715B23124D1FDA500B4C859 /* libAppleCppAPI.a */; };
		B729454D24AAEBE800691DD4 /* DurerRenderer.cpp in Sources */ = {isa = PBXBuildFile; fileRef = B729454B24AAEBE800691DD4 /* DurerRenderer.cpp */; };
		B729454E24AAEBE800691DD4 /* DurerRenderer.hpp in Headers */ = {isa = PBXBuildFile; fileRef = B729454C24AAEBE800691DD4 /* DurerRenderer.hpp */; };
		B7568A662460823B008943BA /* Shaders.metal in Sources */ = {isa = PBXBuildFile; fileRef = B7671F462458A7620075D52C /* Shaders.metal */; };
		B7671ED8244D85F20075D52C /* AppDelegate.swift in Sources */ = {isa = PBXBuildFile; fileRef = B7671ED7244D85F20075D52C /* AppDelegate.swift */; };
		B7671EDA244D85F20075D52C /* ViewController.swift in Sources */ = {isa = PBXBuildFile; fileRef = B7671ED9244D85F20075D52C /* ViewController.swift */; };
		B7671EDC244D85F30075D52C /* Assets.xcassets in Resources */ = {isa = PBXBuildFile; fileRef = B7671EDB244D85F30075D52C /* Assets.xcassets */; };
		B7671EDF244D85F30075D52C /* Main.storyboard in Resources */ = {isa = PBXBuildFile; fileRef = B7671EDD244D85F30075D52C /* Main.storyboard */; };
		B7671F42245766630075D52C /* SPRTCore.mm in Sources */ = {isa = PBXBuildFile; fileRef = B7671F40245766630075D52C /* SPRTCore.mm */; };
		B7671F472458A7620075D52C /* Shaders.metal in Sources */ = {isa = PBXBuildFile; fileRef = B7671F462458A7620075D52C /* Shaders.metal */; };
		B7671F492458A7BA0075D52C /* ShaderTypes.h in Headers */ = {isa = PBXBuildFile; fileRef = B7671F482458A7BA0075D52C /* ShaderTypes.h */; };
		B7671FA6245D72910075D52C /* Scene.cpp in Sources */ = {isa = PBXBuildFile; fileRef = B7671FA4245D72910075D52C /* Scene.cpp */; };
		B78443F62469C6920098A651 /* TriangleRenderer.cpp in Sources */ = {isa = PBXBuildFile; fileRef = B78443F42469C6920098A651 /* TriangleRenderer.cpp */; };
		B78443F72469C6920098A651 /* TriangleRenderer.hpp in Headers */ = {isa = PBXBuildFile; fileRef = B78443F52469C6920098A651 /* TriangleRenderer.hpp */; };
		B78443FA2469CA2E0098A651 /* TriangleWaveRenderer.cpp in Sources */ = {isa = PBXBuildFile; fileRef = B78443F82469CA2E0098A651 /* TriangleWaveRenderer.cpp */; };
		B784444E247C26D80098A651 /* SPRTRenderingContext.h in Headers */ = {isa = PBXBuildFile; fileRef = B784444C247C26D80098A651 /* SPRTRenderingContext.h */; };
		B784444F247C26D80098A651 /* RenderingContext.mm in Sources */ = {isa = PBXBuildFile; fileRef = B784444D247C26D80098A651 /* RenderingContext.mm */; };
/* End PBXBuildFile section */

/* Begin PBXContainerItemProxy section */
		B715B23024D1FDA500B4C859 /* PBXContainerItemProxy */ = {
			isa = PBXContainerItemProxy;
			containerPortal = B715B22C24D1FDA500B4C859 /* AppleCppAPI.xcodeproj */;
			proxyType = 2;
			remoteGlobalIDString = B786A90524D1E31D00F6EE83;
			remoteInfo = AppleCppAPI;
		};
/* End PBXContainerItemProxy section */

/* Begin PBXCopyFilesBuildPhase section */
		B7568A63246078FC008943BA /* CopyFiles */ = {
			isa = PBXCopyFilesBuildPhase;
			buildActionMask = 2147483647;
			dstPath = "";
			dstSubfolderSpec = 7;
			files = (
			);
			runOnlyForDeploymentPostprocessing = 0;
		};
/* End PBXCopyFilesBuildPhase section */

/* Begin PBXFileReference section */
		B7047A95247EF1B600F18D3C /* Component.cpp */ = {isa = PBXFileReference; lastKnownFileType = sourcecode.cpp.cpp; path = Component.cpp; sourceTree = "<group>"; };
		B7047A96247EF1B600F18D3C /* Component.hpp */ = {isa = PBXFileReference; lastKnownFileType = sourcecode.cpp.h; path = Component.hpp; sourceTree = "<group>"; };
		B7047A99247F978F00F18D3C /* Entity.cpp */ = {isa = PBXFileReference; lastKnownFileType = sourcecode.cpp.cpp; path = Entity.cpp; sourceTree = "<group>"; };
		B7047A9A247F978F00F18D3C /* Entity.hpp */ = {isa = PBXFileReference; lastKnownFileType = sourcecode.cpp.h; path = Entity.hpp; sourceTree = "<group>"; };
		B7047A9D247F9DA200F18D3C /* Core.cpp */ = {isa = PBXFileReference; lastKnownFileType = sourcecode.cpp.cpp; path = Core.cpp; sourceTree = "<group>"; };
		B7047A9E247F9DA200F18D3C /* Core.hpp */ = {isa = PBXFileReference; lastKnownFileType = sourcecode.cpp.h; path = Core.hpp; sourceTree = "<group>"; };
		B7047AA12485735A00F18D3C /* RenderingContext.hpp */ = {isa = PBXFileReference; lastKnownFileType = sourcecode.cpp.h; path = RenderingContext.hpp; sourceTree = "<group>"; };
		B7047AA22485782400F18D3C /* Spirit.hpp */ = {isa = PBXFileReference; lastKnownFileType = sourcecode.cpp.h; path = Spirit.hpp; sourceTree = "<group>"; };
		B7047AA3248578DE00F18D3C /* Spirit.h */ = {isa = PBXFileReference; lastKnownFileType = sourcecode.c.h; path = Spirit.h; sourceTree = "<group>"; };
		B7047AA424857E2400F18D3C /* Scene.h */ = {isa = PBXFileReference; lastKnownFileType = sourcecode.c.h; path = Scene.h; sourceTree = "<group>"; };
		B7047AA524857E2400F18D3C /* Scene.mm */ = {isa = PBXFileReference; lastKnownFileType = sourcecode.cpp.objcpp; path = Scene.mm; sourceTree = "<group>"; };
		B715B22C24D1FDA500B4C859 /* AppleCppAPI.xcodeproj */ = {isa = PBXFileReference; lastKnownFileType = "wrapper.pb-project"; name = AppleCppAPI.xcodeproj; path = ../AppleCppAPI/AppleCppAPI.xcodeproj; sourceTree = "<group>"; };
		B729454B24AAEBE800691DD4 /* DurerRenderer.cpp */ = {isa = PBXFileReference; lastKnownFileType = sourcecode.cpp.cpp; path = DurerRenderer.cpp; sourceTree = "<group>"; };
		B729454C24AAEBE800691DD4 /* DurerRenderer.hpp */ = {isa = PBXFileReference; lastKnownFileType = sourcecode.cpp.h; path = DurerRenderer.hpp; sourceTree = "<group>"; };
		B7671EC3244D7DC80075D52C /* libSpirit.a */ = {isa = PBXFileReference; explicitFileType = archive.ar; includeInIndex = 0; path = libSpirit.a; sourceTree = BUILT_PRODUCTS_DIR; };
		B7671ED5244D85F20075D52C /* Spirit_macOS.app */ = {isa = PBXFileReference; explicitFileType = wrapper.application; includeInIndex = 0; path = Spirit_macOS.app; sourceTree = BUILT_PRODUCTS_DIR; };
		B7671ED7244D85F20075D52C /* AppDelegate.swift */ = {isa = PBXFileReference; lastKnownFileType = sourcecode.swift; path = AppDelegate.swift; sourceTree = "<group>"; };
		B7671ED9244D85F20075D52C /* ViewController.swift */ = {isa = PBXFileReference; lastKnownFileType = sourcecode.swift; path = ViewController.swift; sourceTree = "<group>"; };
		B7671EDB244D85F30075D52C /* Assets.xcassets */ = {isa = PBXFileReference; lastKnownFileType = folder.assetcatalog; path = Assets.xcassets; sourceTree = "<group>"; };
		B7671EDE244D85F30075D52C /* Base */ = {isa = PBXFileReference; lastKnownFileType = file.storyboard; name = Base; path = Base.lproj/Main.storyboard; sourceTree = "<group>"; };
		B7671EE0244D85F30075D52C /* Info.plist */ = {isa = PBXFileReference; lastKnownFileType = text.plist.xml; path = Info.plist; sourceTree = "<group>"; };
		B7671EE1244D85F30075D52C /* Spirit_macOS.entitlements */ = {isa = PBXFileReference; lastKnownFileType = text.plist.entitlements; path = Spirit_macOS.entitlements; sourceTree = "<group>"; };
		B7671EF52450D1950075D52C /* Spirit_macOS-Bridging-Header.h */ = {isa = PBXFileReference; lastKnownFileType = sourcecode.c.h; path = "Spirit_macOS-Bridging-Header.h"; sourceTree = "<group>"; };
		B7671F3F245766630075D52C /* SPRTCore.h */ = {isa = PBXFileReference; lastKnownFileType = sourcecode.c.h; path = SPRTCore.h; sourceTree = "<group>"; };
		B7671F40245766630075D52C /* SPRTCore.mm */ = {isa = PBXFileReference; lastKnownFileType = sourcecode.cpp.objcpp; path = SPRTCore.mm; sourceTree = "<group>"; };
		B7671F462458A7620075D52C /* Shaders.metal */ = {isa = PBXFileReference; fileEncoding = 4; lastKnownFileType = sourcecode.metal; path = Shaders.metal; sourceTree = "<group>"; };
		B7671F482458A7BA0075D52C /* ShaderTypes.h */ = {isa = PBXFileReference; fileEncoding = 4; lastKnownFileType = sourcecode.c.h; path = ShaderTypes.h; sourceTree = "<group>"; };
		B7671FA4245D72910075D52C /* Scene.cpp */ = {isa = PBXFileReference; lastKnownFileType = sourcecode.cpp.cpp; path = Scene.cpp; sourceTree = "<group>"; };
		B7671FA5245D72910075D52C /* Scene.hpp */ = {isa = PBXFileReference; lastKnownFileType = sourcecode.cpp.h; path = Scene.hpp; sourceTree = "<group>"; };
		B78443F42469C6920098A651 /* TriangleRenderer.cpp */ = {isa = PBXFileReference; lastKnownFileType = sourcecode.cpp.cpp; path = TriangleRenderer.cpp; sourceTree = "<group>"; };
		B78443F52469C6920098A651 /* TriangleRenderer.hpp */ = {isa = PBXFileReference; lastKnownFileType = sourcecode.cpp.h; path = TriangleRenderer.hpp; sourceTree = "<group>"; };
		B78443F82469CA2E0098A651 /* TriangleWaveRenderer.cpp */ = {isa = PBXFileReference; lastKnownFileType = sourcecode.cpp.cpp; path = TriangleWaveRenderer.cpp; sourceTree = "<group>"; };
		B78443F92469CA2E0098A651 /* TriangleWaveRenderer.hpp */ = {isa = PBXFileReference; lastKnownFileType = sourcecode.cpp.h; path = TriangleWaveRenderer.hpp; sourceTree = "<group>"; };
		B7844449247B0C430098A651 /* Semaphore.hpp */ = {isa = PBXFileReference; lastKnownFileType = sourcecode.cpp.h; path = Semaphore.hpp; sourceTree = "<group>"; };
		B784444C247C26D80098A651 /* SPRTRenderingContext.h */ = {isa = PBXFileReference; lastKnownFileType = sourcecode.c.h; path = SPRTRenderingContext.h; sourceTree = "<group>"; };
		B784444D247C26D80098A651 /* RenderingContext.mm */ = {isa = PBXFileReference; lastKnownFileType = sourcecode.cpp.objcpp; path = RenderingContext.mm; sourceTree = "<group>"; };
/* End PBXFileReference section */

/* Begin PBXFrameworksBuildPhase section */
		B7671EC1244D7DC80075D52C /* Frameworks */ = {
			isa = PBXFrameworksBuildPhase;
			buildActionMask = 2147483647;
			files = (
				B715B23724D203F500B4C859 /* libAppleCppAPI.a in Frameworks */,
			);
			runOnlyForDeploymentPostprocessing = 0;
		};
		B7671ED2244D85F20075D52C /* Frameworks */ = {
			isa = PBXFrameworksBuildPhase;
			buildActionMask = 2147483647;
			files = (
				B715B23624D2021B00B4C859 /* libSpirit.a in Frameworks */,
			);
			runOnlyForDeploymentPostprocessing = 0;
		};
/* End PBXFrameworksBuildPhase section */

/* Begin PBXGroup section */
		B7047AA7248EBAE600F18D3C /* renderers */ = {
			isa = PBXGroup;
			children = (
				B78443F42469C6920098A651 /* TriangleRenderer.cpp */,
				B78443F52469C6920098A651 /* TriangleRenderer.hpp */,
				B78443F82469CA2E0098A651 /* TriangleWaveRenderer.cpp */,
				B78443F92469CA2E0098A651 /* TriangleWaveRenderer.hpp */,
				B729454B24AAEBE800691DD4 /* DurerRenderer.cpp */,
				B729454C24AAEBE800691DD4 /* DurerRenderer.hpp */,
			);
			name = renderers;
			sourceTree = "<group>";
		};
		B7047AA8248EBB1500F18D3C /* core */ = {
			isa = PBXGroup;
			children = (
				B7047A9D247F9DA200F18D3C /* Core.cpp */,
				B7047A9E247F9DA200F18D3C /* Core.hpp */,
				B7671F3F245766630075D52C /* SPRTCore.h */,
				B7671F40245766630075D52C /* SPRTCore.mm */,
				B7047AA12485735A00F18D3C /* RenderingContext.hpp */,
				B784444C247C26D80098A651 /* SPRTRenderingContext.h */,
				B784444D247C26D80098A651 /* RenderingContext.mm */,
				B7047A99247F978F00F18D3C /* Entity.cpp */,
				B7047A9A247F978F00F18D3C /* Entity.hpp */,
				B7047A95247EF1B600F18D3C /* Component.cpp */,
				B7047A96247EF1B600F18D3C /* Component.hpp */,
			);
			name = core;
			sourceTree = "<group>";
		};
		B715B22D24D1FDA500B4C859 /* Products */ = {
			isa = PBXGroup;
			children = (
				B715B23124D1FDA500B4C859 /* libAppleCppAPI.a */,
			);
			name = Products;
			sourceTree = "<group>";
		};
		B7671EBA244D7DC80075D52C = {
			isa = PBXGroup;
			children = (
				B715B22C24D1FDA500B4C859 /* AppleCppAPI.xcodeproj */,
				B7671EC5244D7DC90075D52C /* Spirit */,
				B7671ED6244D85F20075D52C /* Spirit_macOS */,
				B7671EC4244D7DC80075D52C /* Products */,
				B7671EF92450D2990075D52C /* Frameworks */,
			);
			sourceTree = "<group>";
		};
		B7671EC4244D7DC80075D52C /* Products */ = {
			isa = PBXGroup;
			children = (
				B7671EC3244D7DC80075D52C /* libSpirit.a */,
				B7671ED5244D85F20075D52C /* Spirit_macOS.app */,
			);
			name = Products;
			sourceTree = "<group>";
		};
		B7671EC5244D7DC90075D52C /* Spirit */ = {
			isa = PBXGroup;
			children = (
				B7671F39245749130075D52C /* spirit */,
			);
			path = Spirit;
			sourceTree = "<group>";
		};
		B7671ED6244D85F20075D52C /* Spirit_macOS */ = {
			isa = PBXGroup;
			children = (
				B7671ED7244D85F20075D52C /* AppDelegate.swift */,
				B7671ED9244D85F20075D52C /* ViewController.swift */,
				B7671EDB244D85F30075D52C /* Assets.xcassets */,
				B7671EDD244D85F30075D52C /* Main.storyboard */,
				B7671EE0244D85F30075D52C /* Info.plist */,
				B7671EE1244D85F30075D52C /* Spirit_macOS.entitlements */,
				B7671EF52450D1950075D52C /* Spirit_macOS-Bridging-Header.h */,
				B7047AA424857E2400F18D3C /* Scene.h */,
				B7047AA524857E2400F18D3C /* Scene.mm */,
				B7671FA4245D72910075D52C /* Scene.cpp */,
				B7671FA5245D72910075D52C /* Scene.hpp */,
			);
			path = Spirit_macOS;
			sourceTree = "<group>";
		};
		B7671EF92450D2990075D52C /* Frameworks */ = {
			isa = PBXGroup;
			children = (
			);
			name = Frameworks;
			sourceTree = "<group>";
		};
		B7671F39245749130075D52C /* spirit */ = {
			isa = PBXGroup;
			children = (
				B7047AA8248EBB1500F18D3C /* core */,
				B7047AA7248EBAE600F18D3C /* renderers */,
				B7047AA22485782400F18D3C /* Spirit.hpp */,
				B7047AA3248578DE00F18D3C /* Spirit.h */,
				B7671F482458A7BA0075D52C /* ShaderTypes.h */,
				B7671F462458A7620075D52C /* Shaders.metal */,
				B7844447247B0C2B0098A651 /* _internal */,
			);
			path = spirit;
			sourceTree = "<group>";
		};
		B7844447247B0C2B0098A651 /* _internal */ = {
			isa = PBXGroup;
			children = (
				B7844449247B0C430098A651 /* Semaphore.hpp */,
			);
			path = _internal;
			sourceTree = "<group>";
		};
/* End PBXGroup section */

/* Begin PBXHeadersBuildPhase section */
		B7671EBF244D7DC80075D52C /* Headers */ = {
			isa = PBXHeadersBuildPhase;
			buildActionMask = 2147483647;
			files = (
				B7671F492458A7BA0075D52C /* ShaderTypes.h in Headers */,
				B7047A98247EF1B600F18D3C /* Component.hpp in Headers */,
				B784444E247C26D80098A651 /* SPRTRenderingContext.h in Headers */,
				B729454E24AAEBE800691DD4 /* DurerRenderer.hpp in Headers */,
				B7047AA0247F9DA200F18D3C /* Core.hpp in Headers */,
				B78443F72469C6920098A651 /* TriangleRenderer.hpp in Headers */,
			);
			runOnlyForDeploymentPostprocessing = 0;
		};
/* End PBXHeadersBuildPhase section */

/* Begin PBXNativeTarget section */
		B7671EC2244D7DC80075D52C /* Spirit */ = {
			isa = PBXNativeTarget;
			buildConfigurationList = B7671ECE244D7DC90075D52C /* Build configuration list for PBXNativeTarget "Spirit" */;
			buildPhases = (
				B7671EBF244D7DC80075D52C /* Headers */,
				B7671EC0244D7DC80075D52C /* Sources */,
				B7671EC1244D7DC80075D52C /* Frameworks */,
			);
			buildRules = (
			);
			dependencies = (
			);
			name = Spirit;
			productName = Spirit;
			productReference = B7671EC3244D7DC80075D52C /* libSpirit.a */;
			productType = "com.apple.product-type.library.static";
		};
		B7671ED4244D85F20075D52C /* Spirit_macOS */ = {
			isa = PBXNativeTarget;
			buildConfigurationList = B7671EE2244D85F30075D52C /* Build configuration list for PBXNativeTarget "Spirit_macOS" */;
			buildPhases = (
				B7671ED1244D85F20075D52C /* Sources */,
				B7671ED2244D85F20075D52C /* Frameworks */,
				B7671ED3244D85F20075D52C /* Resources */,
				B7568A63246078FC008943BA /* CopyFiles */,
			);
			buildRules = (
			);
			dependencies = (
			);
			name = Spirit_macOS;
			productName = Spirit_macOS;
			productReference = B7671ED5244D85F20075D52C /* Spirit_macOS.app */;
			productType = "com.apple.product-type.application";
		};
/* End PBXNativeTarget section */

/* Begin PBXProject section */
		B7671EBB244D7DC80075D52C /* Project object */ = {
			isa = PBXProject;
			attributes = {
				LastSwiftUpdateCheck = 1200;
				LastUpgradeCheck = 1140;
				ORGANIZATIONNAME = "Vanush Grigoryan";
				TargetAttributes = {
					B7671EC2244D7DC80075D52C = {
						CreatedOnToolsVersion = 11.4.1;
					};
					B7671ED4244D85F20075D52C = {
						CreatedOnToolsVersion = 11.4.1;
						LastSwiftMigration = 1140;
					};
				};
			};
			buildConfigurationList = B7671EBE244D7DC80075D52C /* Build configuration list for PBXProject "Spirit" */;
			compatibilityVersion = "Xcode 9.3";
			developmentRegion = en;
			hasScannedForEncodings = 0;
			knownRegions = (
				en,
				Base,
			);
			mainGroup = B7671EBA244D7DC80075D52C;
			productRefGroup = B7671EC4244D7DC80075D52C /* Products */;
			projectDirPath = "";
			projectReferences = (
				{
					ProductGroup = B715B22D24D1FDA500B4C859 /* Products */;
					ProjectRef = B715B22C24D1FDA500B4C859 /* AppleCppAPI.xcodeproj */;
				},
			);
			projectRoot = "";
			targets = (
				B7671EC2244D7DC80075D52C /* Spirit */,
				B7671ED4244D85F20075D52C /* Spirit_macOS */,
			);
		};
/* End PBXProject section */

/* Begin PBXReferenceProxy section */
		B715B23124D1FDA500B4C859 /* libAppleCppAPI.a */ = {
			isa = PBXReferenceProxy;
			fileType = archive.ar;
			path = libAppleCppAPI.a;
			remoteRef = B715B23024D1FDA500B4C859 /* PBXContainerItemProxy */;
			sourceTree = BUILT_PRODUCTS_DIR;
		};
/* End PBXReferenceProxy section */

/* Begin PBXResourcesBuildPhase section */
		B7671ED3244D85F20075D52C /* Resources */ = {
			isa = PBXResourcesBuildPhase;
			buildActionMask = 2147483647;
			files = (
				B7671EDC244D85F30075D52C /* Assets.xcassets in Resources */,
				B7671EDF244D85F30075D52C /* Main.storyboard in Resources */,
			);
			runOnlyForDeploymentPostprocessing = 0;
		};
/* End PBXResourcesBuildPhase section */

/* Begin PBXSourcesBuildPhase section */
		B7671EC0244D7DC80075D52C /* Sources */ = {
			isa = PBXSourcesBuildPhase;
			buildActionMask = 2147483647;
			files = (
				B7671F42245766630075D52C /* SPRTCore.mm in Sources */,
				B7047A97247EF1B600F18D3C /* Component.cpp in Sources */,
				B7671F472458A7620075D52C /* Shaders.metal in Sources */,
				B7047A9F247F9DA200F18D3C /* Core.cpp in Sources */,
				B784444F247C26D80098A651 /* RenderingContext.mm in Sources */,
				B7047A9B247F978F00F18D3C /* Entity.cpp in Sources */,
				B729454D24AAEBE800691DD4 /* DurerRenderer.cpp in Sources */,
				B78443F62469C6920098A651 /* TriangleRenderer.cpp in Sources */,
				B78443FA2469CA2E0098A651 /* TriangleWaveRenderer.cpp in Sources */,
			);
			runOnlyForDeploymentPostprocessing = 0;
		};
		B7671ED1244D85F20075D52C /* Sources */ = {
			isa = PBXSourcesBuildPhase;
			buildActionMask = 2147483647;
			files = (
				B7568A662460823B008943BA /* Shaders.metal in Sources */,
				B7671FA6245D72910075D52C /* Scene.cpp in Sources */,
				B7671EDA244D85F20075D52C /* ViewController.swift in Sources */,
				B7671ED8244D85F20075D52C /* AppDelegate.swift in Sources */,
				B7047AA624857E2400F18D3C /* Scene.mm in Sources */,
			);
			runOnlyForDeploymentPostprocessing = 0;
		};
/* End PBXSourcesBuildPhase section */

/* Begin PBXVariantGroup section */
		B7671EDD244D85F30075D52C /* Main.storyboard */ = {
			isa = PBXVariantGroup;
			children = (
				B7671EDE244D85F30075D52C /* Base */,
			);
			name = Main.storyboard;
			sourceTree = "<group>";
		};
/* End PBXVariantGroup section */

/* Begin XCBuildConfiguration section */
		B7671ECC244D7DC90075D52C /* Debug */ = {
			isa = XCBuildConfiguration;
			buildSettings = {
				ALWAYS_SEARCH_USER_PATHS = NO;
				CLANG_ANALYZER_NONNULL = YES;
				CLANG_ANALYZER_NUMBER_OBJECT_CONVERSION = YES_AGGRESSIVE;
				CLANG_CXX_LANGUAGE_STANDARD = "gnu++14";
				CLANG_CXX_LIBRARY = "libc++";
				CLANG_ENABLE_MODULES = YES;
				CLANG_ENABLE_OBJC_ARC = YES;
				CLANG_ENABLE_OBJC_WEAK = YES;
				CLANG_WARN_BLOCK_CAPTURE_AUTORELEASING = YES;
				CLANG_WARN_BOOL_CONVERSION = YES;
				CLANG_WARN_COMMA = YES;
				CLANG_WARN_CONSTANT_CONVERSION = YES;
				CLANG_WARN_DEPRECATED_OBJC_IMPLEMENTATIONS = YES;
				CLANG_WARN_DIRECT_OBJC_ISA_USAGE = YES_ERROR;
				CLANG_WARN_DOCUMENTATION_COMMENTS = YES;
				CLANG_WARN_EMPTY_BODY = YES;
				CLANG_WARN_ENUM_CONVERSION = YES;
				CLANG_WARN_INFINITE_RECURSION = YES;
				CLANG_WARN_INT_CONVERSION = YES;
				CLANG_WARN_NON_LITERAL_NULL_CONVERSION = YES;
				CLANG_WARN_OBJC_IMPLICIT_RETAIN_SELF = YES;
				CLANG_WARN_OBJC_LITERAL_CONVERSION = YES;
				CLANG_WARN_OBJC_ROOT_CLASS = YES_ERROR;
				CLANG_WARN_RANGE_LOOP_ANALYSIS = YES;
				CLANG_WARN_STRICT_PROTOTYPES = YES;
				CLANG_WARN_SUSPICIOUS_MOVE = YES;
				CLANG_WARN_UNGUARDED_AVAILABILITY = YES_AGGRESSIVE;
				CLANG_WARN_UNREACHABLE_CODE = YES;
				CLANG_WARN__DUPLICATE_METHOD_MATCH = YES;
				COPY_PHASE_STRIP = NO;
				DEBUG_INFORMATION_FORMAT = dwarf;
				ENABLE_STRICT_OBJC_MSGSEND = YES;
				ENABLE_TESTABILITY = YES;
				GCC_C_LANGUAGE_STANDARD = gnu11;
				GCC_DYNAMIC_NO_PIC = NO;
				GCC_NO_COMMON_BLOCKS = YES;
				GCC_OPTIMIZATION_LEVEL = 0;
				GCC_PREPROCESSOR_DEFINITIONS = (
					"DEBUG=1",
					"$(inherited)",
				);
				GCC_WARN_64_TO_32_BIT_CONVERSION = YES;
				GCC_WARN_ABOUT_RETURN_TYPE = YES_ERROR;
				GCC_WARN_UNDECLARED_SELECTOR = YES;
				GCC_WARN_UNINITIALIZED_AUTOS = YES_AGGRESSIVE;
				GCC_WARN_UNUSED_FUNCTION = YES;
				GCC_WARN_UNUSED_VARIABLE = YES;
				MACOSX_DEPLOYMENT_TARGET = 10.15;
				MTL_ENABLE_DEBUG_INFO = INCLUDE_SOURCE;
				MTL_FAST_MATH = YES;
				ONLY_ACTIVE_ARCH = YES;
				SDKROOT = macosx;
			};
			name = Debug;
		};
		B7671ECD244D7DC90075D52C /* Release */ = {
			isa = XCBuildConfiguration;
			buildSettings = {
				ALWAYS_SEARCH_USER_PATHS = NO;
				CLANG_ANALYZER_NONNULL = YES;
				CLANG_ANALYZER_NUMBER_OBJECT_CONVERSION = YES_AGGRESSIVE;
				CLANG_CXX_LANGUAGE_STANDARD = "gnu++14";
				CLANG_CXX_LIBRARY = "libc++";
				CLANG_ENABLE_MODULES = YES;
				CLANG_ENABLE_OBJC_ARC = YES;
				CLANG_ENABLE_OBJC_WEAK = YES;
				CLANG_WARN_BLOCK_CAPTURE_AUTORELEASING = YES;
				CLANG_WARN_BOOL_CONVERSION = YES;
				CLANG_WARN_COMMA = YES;
				CLANG_WARN_CONSTANT_CONVERSION = YES;
				CLANG_WARN_DEPRECATED_OBJC_IMPLEMENTATIONS = YES;
				CLANG_WARN_DIRECT_OBJC_ISA_USAGE = YES_ERROR;
				CLANG_WARN_DOCUMENTATION_COMMENTS = YES;
				CLANG_WARN_EMPTY_BODY = YES;
				CLANG_WARN_ENUM_CONVERSION = YES;
				CLANG_WARN_INFINITE_RECURSION = YES;
				CLANG_WARN_INT_CONVERSION = YES;
				CLANG_WARN_NON_LITERAL_NULL_CONVERSION = YES;
				CLANG_WARN_OBJC_IMPLICIT_RETAIN_SELF = YES;
				CLANG_WARN_OBJC_LITERAL_CONVERSION = YES;
				CLANG_WARN_OBJC_ROOT_CLASS = YES_ERROR;
				CLANG_WARN_RANGE_LOOP_ANALYSIS = YES;
				CLANG_WARN_STRICT_PROTOTYPES = YES;
				CLANG_WARN_SUSPICIOUS_MOVE = YES;
				CLANG_WARN_UNGUARDED_AVAILABILITY = YES_AGGRESSIVE;
				CLANG_WARN_UNREACHABLE_CODE = YES;
				CLANG_WARN__DUPLICATE_METHOD_MATCH = YES;
				COPY_PHASE_STRIP = NO;
				DEBUG_INFORMATION_FORMAT = "dwarf-with-dsym";
				ENABLE_NS_ASSERTIONS = NO;
				ENABLE_STRICT_OBJC_MSGSEND = YES;
				GCC_C_LANGUAGE_STANDARD = gnu11;
				GCC_NO_COMMON_BLOCKS = YES;
				GCC_WARN_64_TO_32_BIT_CONVERSION = YES;
				GCC_WARN_ABOUT_RETURN_TYPE = YES_ERROR;
				GCC_WARN_UNDECLARED_SELECTOR = YES;
				GCC_WARN_UNINITIALIZED_AUTOS = YES_AGGRESSIVE;
				GCC_WARN_UNUSED_FUNCTION = YES;
				GCC_WARN_UNUSED_VARIABLE = YES;
				MACOSX_DEPLOYMENT_TARGET = 10.15;
				MTL_ENABLE_DEBUG_INFO = NO;
				MTL_FAST_MATH = YES;
				SDKROOT = macosx;
			};
			name = Release;
		};
		B7671ECF244D7DC90075D52C /* Debug */ = {
			isa = XCBuildConfiguration;
			buildSettings = {
				CLANG_CXX_LANGUAGE_STANDARD = "c++17";
				CODE_SIGN_STYLE = Automatic;
				DEFINES_MODULE = NO;
				DEVELOPMENT_TEAM = M369BC24W9;
				EXECUTABLE_PREFIX = lib;
				GCC_ENABLE_CPP_EXCEPTIONS = YES;
				GCC_ENABLE_CPP_RTTI = YES;
				HEADER_SEARCH_PATHS = "";
				MODULEMAP_FILE = "";
				PRODUCT_NAME = "$(TARGET_NAME)";
				SKIP_INSTALL = YES;
				USER_HEADER_SEARCH_PATHS = "$(SRCROOT)/../AppleCppAPI/AppleCppAPI";
				USE_HEADERMAP = NO;
			};
			name = Debug;
		};
		B7671ED0244D7DC90075D52C /* Release */ = {
			isa = XCBuildConfiguration;
			buildSettings = {
				CLANG_CXX_LANGUAGE_STANDARD = "c++17";
				CODE_SIGN_STYLE = Automatic;
				DEFINES_MODULE = NO;
				DEVELOPMENT_TEAM = M369BC24W9;
				EXECUTABLE_PREFIX = lib;
				GCC_ENABLE_CPP_EXCEPTIONS = YES;
				GCC_ENABLE_CPP_RTTI = YES;
				HEADER_SEARCH_PATHS = "";
				MODULEMAP_FILE = "";
				PRODUCT_NAME = "$(TARGET_NAME)";
				SKIP_INSTALL = YES;
				USER_HEADER_SEARCH_PATHS = "$(SRCROOT)/../AppleCppAPI/AppleCppAPI";
				USE_HEADERMAP = NO;
			};
			name = Release;
		};
		B7671EE3244D85F30075D52C /* Debug */ = {
			isa = XCBuildConfiguration;
			buildSettings = {
				ASSETCATALOG_COMPILER_APPICON_NAME = AppIcon;
				CLANG_CXX_LANGUAGE_STANDARD = "c++17";
				CLANG_ENABLE_MODULES = YES;
				CLANG_MODULES_AUTOLINK = YES;
				CODE_SIGN_ENTITLEMENTS = Spirit_macOS/Spirit_macOS.entitlements;
				CODE_SIGN_STYLE = Automatic;
				COMBINE_HIDPI_IMAGES = YES;
				DEVELOPMENT_TEAM = M369BC24W9;
				ENABLE_HARDENED_RUNTIME = YES;
				HEADER_SEARCH_PATHS = "";
				INFOPLIST_FILE = Spirit_macOS/Info.plist;
				LD_RUNPATH_SEARCH_PATHS = (
					"$(inherited)",
					"@executable_path/../Frameworks",
				);
				PRODUCT_BUNDLE_IDENTIFIER = "com.herospirit.Spirit-macOS";
				PRODUCT_NAME = "$(TARGET_NAME)";
				SWIFT_ACTIVE_COMPILATION_CONDITIONS = DEBUG;
				SWIFT_OBJC_BRIDGING_HEADER = "Spirit_macOS/Spirit_macOS-Bridging-Header.h";
				SWIFT_OPTIMIZATION_LEVEL = "-Onone";
				SWIFT_VERSION = 5.0;
				USER_HEADER_SEARCH_PATHS = (
					"$(SRCROOT)/../AppleCppAPI/AppleCppAPI",
					"$(PROJECT_DIR)/Spirit",
				);
			};
			name = Debug;
		};
		B7671EE4244D85F30075D52C /* Release */ = {
			isa = XCBuildConfiguration;
			buildSettings = {
				ASSETCATALOG_COMPILER_APPICON_NAME = AppIcon;
				CLANG_CXX_LANGUAGE_STANDARD = "c++17";
				CLANG_ENABLE_MODULES = YES;
				CLANG_MODULES_AUTOLINK = YES;
				CODE_SIGN_ENTITLEMENTS = Spirit_macOS/Spirit_macOS.entitlements;
				CODE_SIGN_STYLE = Automatic;
				COMBINE_HIDPI_IMAGES = YES;
				DEVELOPMENT_TEAM = M369BC24W9;
				ENABLE_HARDENED_RUNTIME = YES;
				HEADER_SEARCH_PATHS = "";
				INFOPLIST_FILE = Spirit_macOS/Info.plist;
				LD_RUNPATH_SEARCH_PATHS = (
					"$(inherited)",
					"@executable_path/../Frameworks",
				);
				PRODUCT_BUNDLE_IDENTIFIER = "com.herospirit.Spirit-macOS";
				PRODUCT_NAME = "$(TARGET_NAME)";
				SWIFT_COMPILATION_MODE = wholemodule;
				SWIFT_OBJC_BRIDGING_HEADER = "Spirit_macOS/Spirit_macOS-Bridging-Header.h";
				SWIFT_OPTIMIZATION_LEVEL = "-O";
				SWIFT_VERSION = 5.0;
				USER_HEADER_SEARCH_PATHS = (
					"$(SRCROOT)/../AppleCppAPI/AppleCppAPI",
					"$(PROJECT_DIR)/Spirit",
				);
			};
			name = Release;
		};
/* End XCBuildConfiguration section */

/* Begin XCConfigurationList section */
		B7671EBE244D7DC80075D52C /* Build configuration list for PBXProject "Spirit" */ = {
			isa = XCConfigurationList;
			buildConfigurations = (
				B7671ECC244D7DC90075D52C /* Debug */,
				B7671ECD244D7DC90075D52C /* Release */,
			);
			defaultConfigurationIsVisible = 0;
			defaultConfigurationName = Release;
		};
		B7671ECE244D7DC90075D52C /* Build configuration list for PBXNativeTarget "Spirit" */ = {
			isa = XCConfigurationList;
			buildConfigurations = (
				B7671ECF244D7DC90075D52C /* Debug */,
				B7671ED0244D7DC90075D52C /* Release */,
			);
			defaultConfigurationIsVisible = 0;
			defaultConfigurationName = Release;
		};
		B7671EE2244D85F30075D52C /* Build configuration list for PBXNativeTarget "Spirit_macOS" */ = {
			isa = XCConfigurationList;
			buildConfigurations = (
				B7671EE3244D85F30075D52C /* Debug */,
				B7671EE4244D85F30075D52C /* Release */,
			);
			defaultConfigurationIsVisible = 0;
			defaultConfigurationName = Release;
		};
/* End XCConfigurationList section */
	};
	rootObject = B7671EBB244D7DC80075D52C /* Project object */;
}
