// !$*UTF8*$!
{
	archiveVersion = 1;
	classes = {
	};
	objectVersion = 50;
	objects = {

/* Begin PBXBuildFile section */
		B7671ED8244D85F20075D52C /* AppDelegate.swift in Sources */ = {isa = PBXBuildFile; fileRef = B7671ED7244D85F20075D52C /* AppDelegate.swift */; };
		B7671EDA244D85F20075D52C /* ViewController.swift in Sources */ = {isa = PBXBuildFile; fileRef = B7671ED9244D85F20075D52C /* ViewController.swift */; };
		B7671EDC244D85F30075D52C /* Assets.xcassets in Resources */ = {isa = PBXBuildFile; fileRef = B7671EDB244D85F30075D52C /* Assets.xcassets */; };
		B7671EDF244D85F30075D52C /* Main.storyboard in Resources */ = {isa = PBXBuildFile; fileRef = B7671EDD244D85F30075D52C /* Main.storyboard */; };
		B7671EEF2450C4320075D52C /* Ref.mm in Sources */ = {isa = PBXBuildFile; fileRef = B7671EEC2450C4320075D52C /* Ref.mm */; };
		B7671EF32450C54C0075D52C /* RenderPassDescriptor.mm in Sources */ = {isa = PBXBuildFile; fileRef = B7671EF12450C54C0075D52C /* RenderPassDescriptor.mm */; };
		B7671EF42450C54C0075D52C /* RenderPassDescriptor.h in Headers */ = {isa = PBXBuildFile; fileRef = B7671EF22450C54C0075D52C /* RenderPassDescriptor.h */; };
		B7671EF82450D1960075D52C /* Test.cpp in Sources */ = {isa = PBXBuildFile; fileRef = B7671EF62450D1960075D52C /* Test.cpp */; };
		B7671EFA2450D2990075D52C /* libSpirit.a in Frameworks */ = {isa = PBXBuildFile; fileRef = B7671EC3244D7DC80075D52C /* libSpirit.a */; };
		B7671EFD2452CBB80075D52C /* Test.mm in Sources */ = {isa = PBXBuildFile; fileRef = B7671EFC2452CBB80075D52C /* Test.mm */; };
		B7671F002452CDFB0075D52C /* TestObj.mm in Sources */ = {isa = PBXBuildFile; fileRef = B7671EFE2452CDFB0075D52C /* TestObj.mm */; };
		B7671F012452CDFB0075D52C /* TestObj.h in Headers */ = {isa = PBXBuildFile; fileRef = B7671EFF2452CDFB0075D52C /* TestObj.h */; };
		B7671F04245356F20075D52C /* TestObjCObject.h in Headers */ = {isa = PBXBuildFile; fileRef = B7671F02245356F20075D52C /* TestObjCObject.h */; };
		B7671F05245356F20075D52C /* TestObjCObject.m in Sources */ = {isa = PBXBuildFile; fileRef = B7671F03245356F20075D52C /* TestObjCObject.m */; };
		B7671F0E2454A2210075D52C /* Equatable.mm in Sources */ = {isa = PBXBuildFile; fileRef = B7671F0C2454A2210075D52C /* Equatable.mm */; };
		B7671F0F2454A2210075D52C /* Equatable.h in Headers */ = {isa = PBXBuildFile; fileRef = B7671F0D2454A2210075D52C /* Equatable.h */; };
		B7671F122454B6600075D52C /* Cloneable.mm in Sources */ = {isa = PBXBuildFile; fileRef = B7671F102454B6600075D52C /* Cloneable.mm */; };
		B7671F132454B6600075D52C /* Cloneable.h in Headers */ = {isa = PBXBuildFile; fileRef = B7671F112454B6600075D52C /* Cloneable.h */; };
/* End PBXBuildFile section */

/* Begin PBXFileReference section */
		B7671EC3244D7DC80075D52C /* libSpirit.a */ = {isa = PBXFileReference; explicitFileType = archive.ar; includeInIndex = 0; path = libSpirit.a; sourceTree = BUILT_PRODUCTS_DIR; };
		B7671ED5244D85F20075D52C /* Spirit_macOS.app */ = {isa = PBXFileReference; explicitFileType = wrapper.application; includeInIndex = 0; path = Spirit_macOS.app; sourceTree = BUILT_PRODUCTS_DIR; };
		B7671ED7244D85F20075D52C /* AppDelegate.swift */ = {isa = PBXFileReference; lastKnownFileType = sourcecode.swift; path = AppDelegate.swift; sourceTree = "<group>"; };
		B7671ED9244D85F20075D52C /* ViewController.swift */ = {isa = PBXFileReference; lastKnownFileType = sourcecode.swift; path = ViewController.swift; sourceTree = "<group>"; };
		B7671EDB244D85F30075D52C /* Assets.xcassets */ = {isa = PBXFileReference; lastKnownFileType = folder.assetcatalog; path = Assets.xcassets; sourceTree = "<group>"; };
		B7671EDE244D85F30075D52C /* Base */ = {isa = PBXFileReference; lastKnownFileType = file.storyboard; name = Base; path = Base.lproj/Main.storyboard; sourceTree = "<group>"; };
		B7671EE0244D85F30075D52C /* Info.plist */ = {isa = PBXFileReference; lastKnownFileType = text.plist.xml; path = Info.plist; sourceTree = "<group>"; };
		B7671EE1244D85F30075D52C /* Spirit_macOS.entitlements */ = {isa = PBXFileReference; lastKnownFileType = text.plist.entitlements; path = Spirit_macOS.entitlements; sourceTree = "<group>"; };
		B7671EEC2450C4320075D52C /* Ref.mm */ = {isa = PBXFileReference; fileEncoding = 4; lastKnownFileType = sourcecode.cpp.objcpp; path = Ref.mm; sourceTree = "<group>"; };
		B7671EED2450C4320075D52C /* Ref.h */ = {isa = PBXFileReference; fileEncoding = 4; lastKnownFileType = sourcecode.c.h; path = Ref.h; sourceTree = "<group>"; };
		B7671EF12450C54C0075D52C /* RenderPassDescriptor.mm */ = {isa = PBXFileReference; lastKnownFileType = sourcecode.cpp.objcpp; path = RenderPassDescriptor.mm; sourceTree = "<group>"; };
		B7671EF22450C54C0075D52C /* RenderPassDescriptor.h */ = {isa = PBXFileReference; lastKnownFileType = sourcecode.c.h; path = RenderPassDescriptor.h; sourceTree = "<group>"; };
		B7671EF52450D1950075D52C /* Spirit_macOS-Bridging-Header.h */ = {isa = PBXFileReference; lastKnownFileType = sourcecode.c.h; path = "Spirit_macOS-Bridging-Header.h"; sourceTree = "<group>"; };
		B7671EF62450D1960075D52C /* Test.cpp */ = {isa = PBXFileReference; lastKnownFileType = sourcecode.cpp.cpp; path = Test.cpp; sourceTree = "<group>"; };
		B7671EF72450D1960075D52C /* Test.hpp */ = {isa = PBXFileReference; lastKnownFileType = sourcecode.cpp.h; path = Test.hpp; sourceTree = "<group>"; };
		B7671EFB2452CBB80075D52C /* Test.h */ = {isa = PBXFileReference; lastKnownFileType = sourcecode.c.h; path = Test.h; sourceTree = "<group>"; };
		B7671EFC2452CBB80075D52C /* Test.mm */ = {isa = PBXFileReference; lastKnownFileType = sourcecode.cpp.objcpp; path = Test.mm; sourceTree = "<group>"; };
		B7671EFE2452CDFB0075D52C /* TestObj.mm */ = {isa = PBXFileReference; lastKnownFileType = sourcecode.cpp.objcpp; path = TestObj.mm; sourceTree = "<group>"; };
		B7671EFF2452CDFB0075D52C /* TestObj.h */ = {isa = PBXFileReference; lastKnownFileType = sourcecode.c.h; path = TestObj.h; sourceTree = "<group>"; };
		B7671F02245356F20075D52C /* TestObjCObject.h */ = {isa = PBXFileReference; lastKnownFileType = sourcecode.c.h; path = TestObjCObject.h; sourceTree = "<group>"; };
		B7671F03245356F20075D52C /* TestObjCObject.m */ = {isa = PBXFileReference; lastKnownFileType = sourcecode.c.objc; path = TestObjCObject.m; sourceTree = "<group>"; };
		B7671F0C2454A2210075D52C /* Equatable.mm */ = {isa = PBXFileReference; lastKnownFileType = sourcecode.cpp.objcpp; path = Equatable.mm; sourceTree = "<group>"; };
		B7671F0D2454A2210075D52C /* Equatable.h */ = {isa = PBXFileReference; lastKnownFileType = sourcecode.c.h; path = Equatable.h; sourceTree = "<group>"; };
		B7671F102454B6600075D52C /* Cloneable.mm */ = {isa = PBXFileReference; lastKnownFileType = sourcecode.cpp.objcpp; path = Cloneable.mm; sourceTree = "<group>"; };
		B7671F112454B6600075D52C /* Cloneable.h */ = {isa = PBXFileReference; lastKnownFileType = sourcecode.c.h; path = Cloneable.h; sourceTree = "<group>"; };
/* End PBXFileReference section */

/* Begin PBXFrameworksBuildPhase section */
		B7671EC1244D7DC80075D52C /* Frameworks */ = {
			isa = PBXFrameworksBuildPhase;
			buildActionMask = 2147483647;
			files = (
			);
			runOnlyForDeploymentPostprocessing = 0;
		};
		B7671ED2244D85F20075D52C /* Frameworks */ = {
			isa = PBXFrameworksBuildPhase;
			buildActionMask = 2147483647;
			files = (
				B7671EFA2450D2990075D52C /* libSpirit.a in Frameworks */,
			);
			runOnlyForDeploymentPostprocessing = 0;
		};
/* End PBXFrameworksBuildPhase section */

/* Begin PBXGroup section */
		B7671EBA244D7DC80075D52C = {
			isa = PBXGroup;
			children = (
				B7671EC5244D7DC90075D52C /* Spirit */,
				B7671ED6244D85F20075D52C /* Spirit_macOS */,
				B7671EC4244D7DC80075D52C /* Products */,
				B7671EF92450D2990075D52C /* Frameworks */,
			);
			sourceTree = "<group>";
		};
		B7671EC4244D7DC80075D52C /* Products */ = {
			isa = PBXGroup;
			children = (
				B7671EC3244D7DC80075D52C /* libSpirit.a */,
				B7671ED5244D85F20075D52C /* Spirit_macOS.app */,
			);
			name = Products;
			sourceTree = "<group>";
		};
		B7671EC5244D7DC90075D52C /* Spirit */ = {
			isa = PBXGroup;
			children = (
				B7671EEA2450C4320075D52C /* apple */,
			);
			path = Spirit;
			sourceTree = "<group>";
		};
		B7671ED6244D85F20075D52C /* Spirit_macOS */ = {
			isa = PBXGroup;
			children = (
				B7671ED7244D85F20075D52C /* AppDelegate.swift */,
				B7671ED9244D85F20075D52C /* ViewController.swift */,
				B7671EDB244D85F30075D52C /* Assets.xcassets */,
				B7671EDD244D85F30075D52C /* Main.storyboard */,
				B7671EE0244D85F30075D52C /* Info.plist */,
				B7671EE1244D85F30075D52C /* Spirit_macOS.entitlements */,
				B7671EF62450D1960075D52C /* Test.cpp */,
				B7671EF72450D1960075D52C /* Test.hpp */,
				B7671EF52450D1950075D52C /* Spirit_macOS-Bridging-Header.h */,
				B7671EFB2452CBB80075D52C /* Test.h */,
				B7671EFC2452CBB80075D52C /* Test.mm */,
			);
			path = Spirit_macOS;
			sourceTree = "<group>";
		};
		B7671EEA2450C4320075D52C /* apple */ = {
			isa = PBXGroup;
			children = (
				B7671EEB2450C4320075D52C /* core */,
				B7671EEE2450C4320075D52C /* metal */,
			);
			path = apple;
			sourceTree = "<group>";
		};
		B7671EEB2450C4320075D52C /* core */ = {
			isa = PBXGroup;
			children = (
				B7671EEC2450C4320075D52C /* Ref.mm */,
				B7671EED2450C4320075D52C /* Ref.h */,
				B7671F0C2454A2210075D52C /* Equatable.mm */,
				B7671F0D2454A2210075D52C /* Equatable.h */,
				B7671F102454B6600075D52C /* Cloneable.mm */,
				B7671F112454B6600075D52C /* Cloneable.h */,
				B7671EFE2452CDFB0075D52C /* TestObj.mm */,
				B7671EFF2452CDFB0075D52C /* TestObj.h */,
				B7671F02245356F20075D52C /* TestObjCObject.h */,
				B7671F03245356F20075D52C /* TestObjCObject.m */,
			);
			path = core;
			sourceTree = "<group>";
		};
		B7671EEE2450C4320075D52C /* metal */ = {
			isa = PBXGroup;
			children = (
				B7671EF12450C54C0075D52C /* RenderPassDescriptor.mm */,
				B7671EF22450C54C0075D52C /* RenderPassDescriptor.h */,
			);
			path = metal;
			sourceTree = "<group>";
		};
		B7671EF92450D2990075D52C /* Frameworks */ = {
			isa = PBXGroup;
			children = (
			);
			name = Frameworks;
			sourceTree = "<group>";
		};
/* End PBXGroup section */

/* Begin PBXHeadersBuildPhase section */
		B7671EBF244D7DC80075D52C /* Headers */ = {
			isa = PBXHeadersBuildPhase;
			buildActionMask = 2147483647;
			files = (
				B7671F04245356F20075D52C /* TestObjCObject.h in Headers */,
				B7671F132454B6600075D52C /* Cloneable.h in Headers */,
				B7671F012452CDFB0075D52C /* TestObj.h in Headers */,
				B7671EF42450C54C0075D52C /* RenderPassDescriptor.h in Headers */,
				B7671F0F2454A2210075D52C /* Equatable.h in Headers */,
			);
			runOnlyForDeploymentPostprocessing = 0;
		};
/* End PBXHeadersBuildPhase section */

/* Begin PBXNativeTarget section */
		B7671EC2244D7DC80075D52C /* Spirit */ = {
			isa = PBXNativeTarget;
			buildConfigurationList = B7671ECE244D7DC90075D52C /* Build configuration list for PBXNativeTarget "Spirit" */;
			buildPhases = (
				B7671EBF244D7DC80075D52C /* Headers */,
				B7671EC0244D7DC80075D52C /* Sources */,
				B7671EC1244D7DC80075D52C /* Frameworks */,
			);
			buildRules = (
			);
			dependencies = (
			);
			name = Spirit;
			productName = Spirit;
			productReference = B7671EC3244D7DC80075D52C /* libSpirit.a */;
			productType = "com.apple.product-type.library.static";
		};
		B7671ED4244D85F20075D52C /* Spirit_macOS */ = {
			isa = PBXNativeTarget;
			buildConfigurationList = B7671EE2244D85F30075D52C /* Build configuration list for PBXNativeTarget "Spirit_macOS" */;
			buildPhases = (
				B7671ED1244D85F20075D52C /* Sources */,
				B7671ED2244D85F20075D52C /* Frameworks */,
				B7671ED3244D85F20075D52C /* Resources */,
			);
			buildRules = (
			);
			dependencies = (
			);
			name = Spirit_macOS;
			productName = Spirit_macOS;
			productReference = B7671ED5244D85F20075D52C /* Spirit_macOS.app */;
			productType = "com.apple.product-type.application";
		};
/* End PBXNativeTarget section */

/* Begin PBXProject section */
		B7671EBB244D7DC80075D52C /* Project object */ = {
			isa = PBXProject;
			attributes = {
				LastSwiftUpdateCheck = 1140;
				LastUpgradeCheck = 1140;
				ORGANIZATIONNAME = "Vanush Grigoryan";
				TargetAttributes = {
					B7671EC2244D7DC80075D52C = {
						CreatedOnToolsVersion = 11.4.1;
					};
					B7671ED4244D85F20075D52C = {
						CreatedOnToolsVersion = 11.4.1;
						LastSwiftMigration = 1140;
					};
				};
			};
			buildConfigurationList = B7671EBE244D7DC80075D52C /* Build configuration list for PBXProject "Spirit" */;
			compatibilityVersion = "Xcode 9.3";
			developmentRegion = en;
			hasScannedForEncodings = 0;
			knownRegions = (
				en,
				Base,
			);
			mainGroup = B7671EBA244D7DC80075D52C;
			productRefGroup = B7671EC4244D7DC80075D52C /* Products */;
			projectDirPath = "";
			projectRoot = "";
			targets = (
				B7671EC2244D7DC80075D52C /* Spirit */,
				B7671ED4244D85F20075D52C /* Spirit_macOS */,
			);
		};
/* End PBXProject section */

/* Begin PBXResourcesBuildPhase section */
		B7671ED3244D85F20075D52C /* Resources */ = {
			isa = PBXResourcesBuildPhase;
			buildActionMask = 2147483647;
			files = (
				B7671EDC244D85F30075D52C /* Assets.xcassets in Resources */,
				B7671EDF244D85F30075D52C /* Main.storyboard in Resources */,
			);
			runOnlyForDeploymentPostprocessing = 0;
		};
/* End PBXResourcesBuildPhase section */

/* Begin PBXSourcesBuildPhase section */
		B7671EC0244D7DC80075D52C /* Sources */ = {
			isa = PBXSourcesBuildPhase;
			buildActionMask = 2147483647;
			files = (
				B7671F05245356F20075D52C /* TestObjCObject.m in Sources */,
				B7671EEF2450C4320075D52C /* Ref.mm in Sources */,
				B7671EF32450C54C0075D52C /* RenderPassDescriptor.mm in Sources */,
				B7671F122454B6600075D52C /* Cloneable.mm in Sources */,
				B7671F002452CDFB0075D52C /* TestObj.mm in Sources */,
				B7671F0E2454A2210075D52C /* Equatable.mm in Sources */,
			);
			runOnlyForDeploymentPostprocessing = 0;
		};
		B7671ED1244D85F20075D52C /* Sources */ = {
			isa = PBXSourcesBuildPhase;
			buildActionMask = 2147483647;
			files = (
				B7671EF82450D1960075D52C /* Test.cpp in Sources */,
				B7671EFD2452CBB80075D52C /* Test.mm in Sources */,
				B7671EDA244D85F20075D52C /* ViewController.swift in Sources */,
				B7671ED8244D85F20075D52C /* AppDelegate.swift in Sources */,
			);
			runOnlyForDeploymentPostprocessing = 0;
		};
/* End PBXSourcesBuildPhase section */

/* Begin PBXVariantGroup section */
		B7671EDD244D85F30075D52C /* Main.storyboard */ = {
			isa = PBXVariantGroup;
			children = (
				B7671EDE244D85F30075D52C /* Base */,
			);
			name = Main.storyboard;
			sourceTree = "<group>";
		};
/* End PBXVariantGroup section */

/* Begin XCBuildConfiguration section */
		B7671ECC244D7DC90075D52C /* Debug */ = {
			isa = XCBuildConfiguration;
			buildSettings = {
				ALWAYS_SEARCH_USER_PATHS = NO;
				CLANG_ANALYZER_NONNULL = YES;
				CLANG_ANALYZER_NUMBER_OBJECT_CONVERSION = YES_AGGRESSIVE;
				CLANG_CXX_LANGUAGE_STANDARD = "gnu++14";
				CLANG_CXX_LIBRARY = "libc++";
				CLANG_ENABLE_MODULES = YES;
				CLANG_ENABLE_OBJC_ARC = YES;
				CLANG_ENABLE_OBJC_WEAK = YES;
				CLANG_WARN_BLOCK_CAPTURE_AUTORELEASING = YES;
				CLANG_WARN_BOOL_CONVERSION = YES;
				CLANG_WARN_COMMA = YES;
				CLANG_WARN_CONSTANT_CONVERSION = YES;
				CLANG_WARN_DEPRECATED_OBJC_IMPLEMENTATIONS = YES;
				CLANG_WARN_DIRECT_OBJC_ISA_USAGE = YES_ERROR;
				CLANG_WARN_DOCUMENTATION_COMMENTS = YES;
				CLANG_WARN_EMPTY_BODY = YES;
				CLANG_WARN_ENUM_CONVERSION = YES;
				CLANG_WARN_INFINITE_RECURSION = YES;
				CLANG_WARN_INT_CONVERSION = YES;
				CLANG_WARN_NON_LITERAL_NULL_CONVERSION = YES;
				CLANG_WARN_OBJC_IMPLICIT_RETAIN_SELF = YES;
				CLANG_WARN_OBJC_LITERAL_CONVERSION = YES;
				CLANG_WARN_OBJC_ROOT_CLASS = YES_ERROR;
				CLANG_WARN_RANGE_LOOP_ANALYSIS = YES;
				CLANG_WARN_STRICT_PROTOTYPES = YES;
				CLANG_WARN_SUSPICIOUS_MOVE = YES;
				CLANG_WARN_UNGUARDED_AVAILABILITY = YES_AGGRESSIVE;
				CLANG_WARN_UNREACHABLE_CODE = YES;
				CLANG_WARN__DUPLICATE_METHOD_MATCH = YES;
				COPY_PHASE_STRIP = NO;
				DEBUG_INFORMATION_FORMAT = dwarf;
				ENABLE_STRICT_OBJC_MSGSEND = YES;
				ENABLE_TESTABILITY = YES;
				GCC_C_LANGUAGE_STANDARD = gnu11;
				GCC_DYNAMIC_NO_PIC = NO;
				GCC_NO_COMMON_BLOCKS = YES;
				GCC_OPTIMIZATION_LEVEL = 0;
				GCC_PREPROCESSOR_DEFINITIONS = (
					"DEBUG=1",
					"$(inherited)",
				);
				GCC_WARN_64_TO_32_BIT_CONVERSION = YES;
				GCC_WARN_ABOUT_RETURN_TYPE = YES_ERROR;
				GCC_WARN_UNDECLARED_SELECTOR = YES;
				GCC_WARN_UNINITIALIZED_AUTOS = YES_AGGRESSIVE;
				GCC_WARN_UNUSED_FUNCTION = YES;
				GCC_WARN_UNUSED_VARIABLE = YES;
				MACOSX_DEPLOYMENT_TARGET = 10.15;
				MTL_ENABLE_DEBUG_INFO = INCLUDE_SOURCE;
				MTL_FAST_MATH = YES;
				ONLY_ACTIVE_ARCH = YES;
				SDKROOT = macosx;
			};
			name = Debug;
		};
		B7671ECD244D7DC90075D52C /* Release */ = {
			isa = XCBuildConfiguration;
			buildSettings = {
				ALWAYS_SEARCH_USER_PATHS = NO;
				CLANG_ANALYZER_NONNULL = YES;
				CLANG_ANALYZER_NUMBER_OBJECT_CONVERSION = YES_AGGRESSIVE;
				CLANG_CXX_LANGUAGE_STANDARD = "gnu++14";
				CLANG_CXX_LIBRARY = "libc++";
				CLANG_ENABLE_MODULES = YES;
				CLANG_ENABLE_OBJC_ARC = YES;
				CLANG_ENABLE_OBJC_WEAK = YES;
				CLANG_WARN_BLOCK_CAPTURE_AUTORELEASING = YES;
				CLANG_WARN_BOOL_CONVERSION = YES;
				CLANG_WARN_COMMA = YES;
				CLANG_WARN_CONSTANT_CONVERSION = YES;
				CLANG_WARN_DEPRECATED_OBJC_IMPLEMENTATIONS = YES;
				CLANG_WARN_DIRECT_OBJC_ISA_USAGE = YES_ERROR;
				CLANG_WARN_DOCUMENTATION_COMMENTS = YES;
				CLANG_WARN_EMPTY_BODY = YES;
				CLANG_WARN_ENUM_CONVERSION = YES;
				CLANG_WARN_INFINITE_RECURSION = YES;
				CLANG_WARN_INT_CONVERSION = YES;
				CLANG_WARN_NON_LITERAL_NULL_CONVERSION = YES;
				CLANG_WARN_OBJC_IMPLICIT_RETAIN_SELF = YES;
				CLANG_WARN_OBJC_LITERAL_CONVERSION = YES;
				CLANG_WARN_OBJC_ROOT_CLASS = YES_ERROR;
				CLANG_WARN_RANGE_LOOP_ANALYSIS = YES;
				CLANG_WARN_STRICT_PROTOTYPES = YES;
				CLANG_WARN_SUSPICIOUS_MOVE = YES;
				CLANG_WARN_UNGUARDED_AVAILABILITY = YES_AGGRESSIVE;
				CLANG_WARN_UNREACHABLE_CODE = YES;
				CLANG_WARN__DUPLICATE_METHOD_MATCH = YES;
				COPY_PHASE_STRIP = NO;
				DEBUG_INFORMATION_FORMAT = "dwarf-with-dsym";
				ENABLE_NS_ASSERTIONS = NO;
				ENABLE_STRICT_OBJC_MSGSEND = YES;
				GCC_C_LANGUAGE_STANDARD = gnu11;
				GCC_NO_COMMON_BLOCKS = YES;
				GCC_WARN_64_TO_32_BIT_CONVERSION = YES;
				GCC_WARN_ABOUT_RETURN_TYPE = YES_ERROR;
				GCC_WARN_UNDECLARED_SELECTOR = YES;
				GCC_WARN_UNINITIALIZED_AUTOS = YES_AGGRESSIVE;
				GCC_WARN_UNUSED_FUNCTION = YES;
				GCC_WARN_UNUSED_VARIABLE = YES;
				MACOSX_DEPLOYMENT_TARGET = 10.15;
				MTL_ENABLE_DEBUG_INFO = NO;
				MTL_FAST_MATH = YES;
				SDKROOT = macosx;
			};
			name = Release;
		};
		B7671ECF244D7DC90075D52C /* Debug */ = {
			isa = XCBuildConfiguration;
			buildSettings = {
				CLANG_CXX_LANGUAGE_STANDARD = "c++17";
				CODE_SIGN_STYLE = Automatic;
				DEVELOPMENT_TEAM = M369BC24W9;
				EXECUTABLE_PREFIX = lib;
				GCC_ENABLE_CPP_EXCEPTIONS = YES;
				GCC_ENABLE_CPP_RTTI = YES;
				PRODUCT_NAME = "$(TARGET_NAME)";
				SKIP_INSTALL = YES;
			};
			name = Debug;
		};
		B7671ED0244D7DC90075D52C /* Release */ = {
			isa = XCBuildConfiguration;
			buildSettings = {
				CLANG_CXX_LANGUAGE_STANDARD = "c++17";
				CODE_SIGN_STYLE = Automatic;
				DEVELOPMENT_TEAM = M369BC24W9;
				EXECUTABLE_PREFIX = lib;
				GCC_ENABLE_CPP_EXCEPTIONS = YES;
				GCC_ENABLE_CPP_RTTI = YES;
				PRODUCT_NAME = "$(TARGET_NAME)";
				SKIP_INSTALL = YES;
			};
			name = Release;
		};
		B7671EE3244D85F30075D52C /* Debug */ = {
			isa = XCBuildConfiguration;
			buildSettings = {
				ASSETCATALOG_COMPILER_APPICON_NAME = AppIcon;
				CLANG_CXX_LANGUAGE_STANDARD = "c++17";
				CLANG_ENABLE_MODULES = YES;
				CODE_SIGN_ENTITLEMENTS = Spirit_macOS/Spirit_macOS.entitlements;
				CODE_SIGN_STYLE = Automatic;
				COMBINE_HIDPI_IMAGES = YES;
				DEVELOPMENT_TEAM = M369BC24W9;
				ENABLE_HARDENED_RUNTIME = YES;
				HEADER_SEARCH_PATHS = "$(PROJECT_DIR)/Spirit";
				INFOPLIST_FILE = Spirit_macOS/Info.plist;
				LD_RUNPATH_SEARCH_PATHS = (
					"$(inherited)",
					"@executable_path/../Frameworks",
				);
				PRODUCT_BUNDLE_IDENTIFIER = "com.herospirit.Spirit-macOS";
				PRODUCT_NAME = "$(TARGET_NAME)";
				SWIFT_ACTIVE_COMPILATION_CONDITIONS = DEBUG;
				SWIFT_OBJC_BRIDGING_HEADER = "Spirit_macOS/Spirit_macOS-Bridging-Header.h";
				SWIFT_OPTIMIZATION_LEVEL = "-Onone";
				SWIFT_VERSION = 5.0;
			};
			name = Debug;
		};
		B7671EE4244D85F30075D52C /* Release */ = {
			isa = XCBuildConfiguration;
			buildSettings = {
				ASSETCATALOG_COMPILER_APPICON_NAME = AppIcon;
				CLANG_CXX_LANGUAGE_STANDARD = "c++17";
				CLANG_ENABLE_MODULES = YES;
				CODE_SIGN_ENTITLEMENTS = Spirit_macOS/Spirit_macOS.entitlements;
				CODE_SIGN_STYLE = Automatic;
				COMBINE_HIDPI_IMAGES = YES;
				DEVELOPMENT_TEAM = M369BC24W9;
				ENABLE_HARDENED_RUNTIME = YES;
				HEADER_SEARCH_PATHS = "$(PROJECT_DIR)/Spirit";
				INFOPLIST_FILE = Spirit_macOS/Info.plist;
				LD_RUNPATH_SEARCH_PATHS = (
					"$(inherited)",
					"@executable_path/../Frameworks",
				);
				PRODUCT_BUNDLE_IDENTIFIER = "com.herospirit.Spirit-macOS";
				PRODUCT_NAME = "$(TARGET_NAME)";
				SWIFT_COMPILATION_MODE = wholemodule;
				SWIFT_OBJC_BRIDGING_HEADER = "Spirit_macOS/Spirit_macOS-Bridging-Header.h";
				SWIFT_OPTIMIZATION_LEVEL = "-O";
				SWIFT_VERSION = 5.0;
			};
			name = Release;
		};
/* End XCBuildConfiguration section */

/* Begin XCConfigurationList section */
		B7671EBE244D7DC80075D52C /* Build configuration list for PBXProject "Spirit" */ = {
			isa = XCConfigurationList;
			buildConfigurations = (
				B7671ECC244D7DC90075D52C /* Debug */,
				B7671ECD244D7DC90075D52C /* Release */,
			);
			defaultConfigurationIsVisible = 0;
			defaultConfigurationName = Release;
		};
		B7671ECE244D7DC90075D52C /* Build configuration list for PBXNativeTarget "Spirit" */ = {
			isa = XCConfigurationList;
			buildConfigurations = (
				B7671ECF244D7DC90075D52C /* Debug */,
				B7671ED0244D7DC90075D52C /* Release */,
			);
			defaultConfigurationIsVisible = 0;
			defaultConfigurationName = Release;
		};
		B7671EE2244D85F30075D52C /* Build configuration list for PBXNativeTarget "Spirit_macOS" */ = {
			isa = XCConfigurationList;
			buildConfigurations = (
				B7671EE3244D85F30075D52C /* Debug */,
				B7671EE4244D85F30075D52C /* Release */,
			);
			defaultConfigurationIsVisible = 0;
			defaultConfigurationName = Release;
		};
/* End XCConfigurationList section */
	};
	rootObject = B7671EBB244D7DC80075D52C /* Project object */;
}
