// !$*UTF8*$!
{
	archiveVersion = 1;
	classes = {
	};
	objectVersion = 50;
	objects = {

/* Begin PBXBuildFile section */
		B7568A61245FF62C008943BA /* Geometry.cpp in Sources */ = {isa = PBXBuildFile; fileRef = B7568A5F245FF62C008943BA /* Geometry.cpp */; };
		B7568A62245FF62C008943BA /* Geometry.hpp in Headers */ = {isa = PBXBuildFile; fileRef = B7568A60245FF62C008943BA /* Geometry.hpp */; };
		B7568A662460823B008943BA /* Shaders.metal in Sources */ = {isa = PBXBuildFile; fileRef = B7671F462458A7620075D52C /* Shaders.metal */; };
		B7671ED8244D85F20075D52C /* AppDelegate.swift in Sources */ = {isa = PBXBuildFile; fileRef = B7671ED7244D85F20075D52C /* AppDelegate.swift */; };
		B7671EDA244D85F20075D52C /* ViewController.swift in Sources */ = {isa = PBXBuildFile; fileRef = B7671ED9244D85F20075D52C /* ViewController.swift */; };
		B7671EDC244D85F30075D52C /* Assets.xcassets in Resources */ = {isa = PBXBuildFile; fileRef = B7671EDB244D85F30075D52C /* Assets.xcassets */; };
		B7671EDF244D85F30075D52C /* Main.storyboard in Resources */ = {isa = PBXBuildFile; fileRef = B7671EDD244D85F30075D52C /* Main.storyboard */; };
		B7671EF32450C54C0075D52C /* RenderPassDescriptor.mm in Sources */ = {isa = PBXBuildFile; fileRef = B7671EF12450C54C0075D52C /* RenderPassDescriptor.mm */; };
		B7671EFA2450D2990075D52C /* libSpirit.a in Frameworks */ = {isa = PBXBuildFile; fileRef = B7671EC3244D7DC80075D52C /* libSpirit.a */; };
		B7671F162455E5370075D52C /* Device.mm in Sources */ = {isa = PBXBuildFile; fileRef = B7671F142455E5370075D52C /* Device.mm */; };
		B7671F1A2455E6A80075D52C /* CommandQueue.mm in Sources */ = {isa = PBXBuildFile; fileRef = B7671F182455E6A80075D52C /* CommandQueue.mm */; };
		B7671F1E2455EB550075D52C /* CommandBuffer.mm in Sources */ = {isa = PBXBuildFile; fileRef = B7671F1C2455EB550075D52C /* CommandBuffer.mm */; };
		B7671F2624560C700075D52C /* CommandEncoder.mm in Sources */ = {isa = PBXBuildFile; fileRef = B7671F2424560C700075D52C /* CommandEncoder.mm */; };
		B7671F2A24560D9C0075D52C /* RenderCommandEncoder.mm in Sources */ = {isa = PBXBuildFile; fileRef = B7671F2824560D9C0075D52C /* RenderCommandEncoder.mm */; };
		B7671F32245743AE0075D52C /* Drawable.mm in Sources */ = {isa = PBXBuildFile; fileRef = B7671F30245743AE0075D52C /* Drawable.mm */; };
		B7671F37245744430075D52C /* MetalDrawable.mm in Sources */ = {isa = PBXBuildFile; fileRef = B7671F35245744430075D52C /* MetalDrawable.mm */; };
		B7671F38245744430075D52C /* MetalDrawable.h in Headers */ = {isa = PBXBuildFile; fileRef = B7671F36245744430075D52C /* MetalDrawable.h */; };
		B7671F3C2457492D0075D52C /* Scene.cpp in Sources */ = {isa = PBXBuildFile; fileRef = B7671F3A2457492D0075D52C /* Scene.cpp */; };
		B7671F42245766630075D52C /* Spirit.mm in Sources */ = {isa = PBXBuildFile; fileRef = B7671F40245766630075D52C /* Spirit.mm */; };
		B7671F472458A7620075D52C /* Shaders.metal in Sources */ = {isa = PBXBuildFile; fileRef = B7671F462458A7620075D52C /* Shaders.metal */; };
		B7671F492458A7BA0075D52C /* ShaderTypes.h in Headers */ = {isa = PBXBuildFile; fileRef = B7671F482458A7BA0075D52C /* ShaderTypes.h */; };
		B7671F4D2458B4440075D52C /* Vec2.cpp in Sources */ = {isa = PBXBuildFile; fileRef = B7671F4B2458B4440075D52C /* Vec2.cpp */; };
		B7671F4E2458B4440075D52C /* Vec2.hpp in Headers */ = {isa = PBXBuildFile; fileRef = B7671F4C2458B4440075D52C /* Vec2.hpp */; };
		B7671F512458B4E20075D52C /* Vec4.cpp in Sources */ = {isa = PBXBuildFile; fileRef = B7671F4F2458B4E20075D52C /* Vec4.cpp */; };
		B7671F522458B4E20075D52C /* Vec4.hpp in Headers */ = {isa = PBXBuildFile; fileRef = B7671F502458B4E20075D52C /* Vec4.hpp */; };
		B7671F58245B49FC0075D52C /* Library.mm in Sources */ = {isa = PBXBuildFile; fileRef = B7671F56245B49FC0075D52C /* Library.mm */; };
		B7671F86245B51CA0075D52C /* Ref.h in Headers */ = {isa = PBXBuildFile; fileRef = B7671F7A245B51C90075D52C /* Ref.h */; };
		B7671F8A245B51CA0075D52C /* Ref.mm in Sources */ = {isa = PBXBuildFile; fileRef = B7671F7E245B51CA0075D52C /* Ref.mm */; };
		B7671F8D245B54130075D52C /* String.mm in Sources */ = {isa = PBXBuildFile; fileRef = B7671F8B245B54130075D52C /* String.mm */; };
		B7671F92245B64630075D52C /* Function.mm in Sources */ = {isa = PBXBuildFile; fileRef = B7671F90245B64630075D52C /* Function.mm */; };
		B7671F9A245C97B20075D52C /* RenderPipelineColorAttachmentDescriptorArray.mm in Sources */ = {isa = PBXBuildFile; fileRef = B7671F98245C97B20075D52C /* RenderPipelineColorAttachmentDescriptorArray.mm */; };
		B7671F9E245CA1920075D52C /* Object.mm in Sources */ = {isa = PBXBuildFile; fileRef = B7671F9C245CA1920075D52C /* Object.mm */; };
		B7671F9F245CA1920075D52C /* Object.h in Headers */ = {isa = PBXBuildFile; fileRef = B7671F9D245CA1920075D52C /* Object.h */; };
		B7671FA2245D544C0075D52C /* ObjectProtocol.mm in Sources */ = {isa = PBXBuildFile; fileRef = B7671FA0245D544C0075D52C /* ObjectProtocol.mm */; };
		B7671FA3245D544C0075D52C /* ObjectProtocol.h in Headers */ = {isa = PBXBuildFile; fileRef = B7671FA1245D544C0075D52C /* ObjectProtocol.h */; };
		B7671FA6245D72910075D52C /* MyCpp.cpp in Sources */ = {isa = PBXBuildFile; fileRef = B7671FA4245D72910075D52C /* MyCpp.cpp */; };
		B7671FA7245D79310075D52C /* RenderPipelineDescriptor.mm in Sources */ = {isa = PBXBuildFile; fileRef = B7671F94245B68A70075D52C /* RenderPipelineDescriptor.mm */; };
		B7671FAA245D7BA70075D52C /* RenderPipelineColorAttachmentDescriptor.mm in Sources */ = {isa = PBXBuildFile; fileRef = B7671FA8245D7BA70075D52C /* RenderPipelineColorAttachmentDescriptor.mm */; };
		B7671FB2245D9B6F0075D52C /* RenderPipelineState.mm in Sources */ = {isa = PBXBuildFile; fileRef = B7671FB0245D9B6F0075D52C /* RenderPipelineState.mm */; };
		B7671FB3245D9B6F0075D52C /* RenderPipelineState.h in Headers */ = {isa = PBXBuildFile; fileRef = B7671FB1245D9B6F0075D52C /* RenderPipelineState.h */; };
		B7671FB6245DA4D00075D52C /* Error.mm in Sources */ = {isa = PBXBuildFile; fileRef = B7671FB4245DA4D00075D52C /* Error.mm */; };
		B7671FB7245DA4D00075D52C /* Error.h in Headers */ = {isa = PBXBuildFile; fileRef = B7671FB5245DA4D00075D52C /* Error.h */; };
/* End PBXBuildFile section */

/* Begin PBXCopyFilesBuildPhase section */
		B7568A63246078FC008943BA /* CopyFiles */ = {
			isa = PBXCopyFilesBuildPhase;
			buildActionMask = 2147483647;
			dstPath = "";
			dstSubfolderSpec = 7;
			files = (
			);
			runOnlyForDeploymentPostprocessing = 0;
		};
/* End PBXCopyFilesBuildPhase section */

/* Begin PBXFileReference section */
		B7568A5F245FF62C008943BA /* Geometry.cpp */ = {isa = PBXFileReference; lastKnownFileType = sourcecode.cpp.cpp; path = Geometry.cpp; sourceTree = "<group>"; };
		B7568A60245FF62C008943BA /* Geometry.hpp */ = {isa = PBXFileReference; lastKnownFileType = sourcecode.cpp.h; path = Geometry.hpp; sourceTree = "<group>"; };
		B7671EC3244D7DC80075D52C /* libSpirit.a */ = {isa = PBXFileReference; explicitFileType = archive.ar; includeInIndex = 0; path = libSpirit.a; sourceTree = BUILT_PRODUCTS_DIR; };
		B7671ED5244D85F20075D52C /* Spirit_macOS.app */ = {isa = PBXFileReference; explicitFileType = wrapper.application; includeInIndex = 0; path = Spirit_macOS.app; sourceTree = BUILT_PRODUCTS_DIR; };
		B7671ED7244D85F20075D52C /* AppDelegate.swift */ = {isa = PBXFileReference; lastKnownFileType = sourcecode.swift; path = AppDelegate.swift; sourceTree = "<group>"; };
		B7671ED9244D85F20075D52C /* ViewController.swift */ = {isa = PBXFileReference; lastKnownFileType = sourcecode.swift; path = ViewController.swift; sourceTree = "<group>"; };
		B7671EDB244D85F30075D52C /* Assets.xcassets */ = {isa = PBXFileReference; lastKnownFileType = folder.assetcatalog; path = Assets.xcassets; sourceTree = "<group>"; };
		B7671EDE244D85F30075D52C /* Base */ = {isa = PBXFileReference; lastKnownFileType = file.storyboard; name = Base; path = Base.lproj/Main.storyboard; sourceTree = "<group>"; };
		B7671EE0244D85F30075D52C /* Info.plist */ = {isa = PBXFileReference; lastKnownFileType = text.plist.xml; path = Info.plist; sourceTree = "<group>"; };
		B7671EE1244D85F30075D52C /* Spirit_macOS.entitlements */ = {isa = PBXFileReference; lastKnownFileType = text.plist.entitlements; path = Spirit_macOS.entitlements; sourceTree = "<group>"; };
		B7671EF12450C54C0075D52C /* RenderPassDescriptor.mm */ = {isa = PBXFileReference; lastKnownFileType = sourcecode.cpp.objcpp; path = RenderPassDescriptor.mm; sourceTree = "<group>"; };
		B7671EF22450C54C0075D52C /* RenderPassDescriptor.h */ = {isa = PBXFileReference; lastKnownFileType = sourcecode.c.h; path = RenderPassDescriptor.h; sourceTree = "<group>"; };
		B7671EF52450D1950075D52C /* Spirit_macOS-Bridging-Header.h */ = {isa = PBXFileReference; lastKnownFileType = sourcecode.c.h; path = "Spirit_macOS-Bridging-Header.h"; sourceTree = "<group>"; };
		B7671F142455E5370075D52C /* Device.mm */ = {isa = PBXFileReference; lastKnownFileType = sourcecode.cpp.objcpp; path = Device.mm; sourceTree = "<group>"; };
		B7671F152455E5370075D52C /* Device.h */ = {isa = PBXFileReference; lastKnownFileType = sourcecode.c.h; path = Device.h; sourceTree = "<group>"; };
		B7671F182455E6A80075D52C /* CommandQueue.mm */ = {isa = PBXFileReference; lastKnownFileType = sourcecode.cpp.objcpp; path = CommandQueue.mm; sourceTree = "<group>"; };
		B7671F192455E6A80075D52C /* CommandQueue.h */ = {isa = PBXFileReference; lastKnownFileType = sourcecode.c.h; path = CommandQueue.h; sourceTree = "<group>"; };
		B7671F1C2455EB550075D52C /* CommandBuffer.mm */ = {isa = PBXFileReference; lastKnownFileType = sourcecode.cpp.objcpp; path = CommandBuffer.mm; sourceTree = "<group>"; };
		B7671F1D2455EB550075D52C /* CommandBuffer.h */ = {isa = PBXFileReference; lastKnownFileType = sourcecode.c.h; path = CommandBuffer.h; sourceTree = "<group>"; };
		B7671F2424560C700075D52C /* CommandEncoder.mm */ = {isa = PBXFileReference; lastKnownFileType = sourcecode.cpp.objcpp; path = CommandEncoder.mm; sourceTree = "<group>"; };
		B7671F2524560C700075D52C /* CommandEncoder.h */ = {isa = PBXFileReference; lastKnownFileType = sourcecode.c.h; path = CommandEncoder.h; sourceTree = "<group>"; };
		B7671F2824560D9C0075D52C /* RenderCommandEncoder.mm */ = {isa = PBXFileReference; lastKnownFileType = sourcecode.cpp.objcpp; path = RenderCommandEncoder.mm; sourceTree = "<group>"; };
		B7671F2924560D9C0075D52C /* RenderCommandEncoder.h */ = {isa = PBXFileReference; lastKnownFileType = sourcecode.c.h; path = RenderCommandEncoder.h; sourceTree = "<group>"; };
		B7671F30245743AE0075D52C /* Drawable.mm */ = {isa = PBXFileReference; lastKnownFileType = sourcecode.cpp.objcpp; path = Drawable.mm; sourceTree = "<group>"; };
		B7671F31245743AE0075D52C /* Drawable.h */ = {isa = PBXFileReference; lastKnownFileType = sourcecode.c.h; path = Drawable.h; sourceTree = "<group>"; };
		B7671F35245744430075D52C /* MetalDrawable.mm */ = {isa = PBXFileReference; lastKnownFileType = sourcecode.cpp.objcpp; path = MetalDrawable.mm; sourceTree = "<group>"; };
		B7671F36245744430075D52C /* MetalDrawable.h */ = {isa = PBXFileReference; lastKnownFileType = sourcecode.c.h; path = MetalDrawable.h; sourceTree = "<group>"; };
		B7671F3A2457492D0075D52C /* Scene.cpp */ = {isa = PBXFileReference; lastKnownFileType = sourcecode.cpp.cpp; path = Scene.cpp; sourceTree = "<group>"; };
		B7671F3B2457492D0075D52C /* Scene.hpp */ = {isa = PBXFileReference; lastKnownFileType = sourcecode.cpp.h; path = Scene.hpp; sourceTree = "<group>"; };
		B7671F3F245766630075D52C /* Spirit.h */ = {isa = PBXFileReference; lastKnownFileType = sourcecode.c.h; path = Spirit.h; sourceTree = "<group>"; };
		B7671F40245766630075D52C /* Spirit.mm */ = {isa = PBXFileReference; lastKnownFileType = sourcecode.cpp.objcpp; path = Spirit.mm; sourceTree = "<group>"; };
		B7671F462458A7620075D52C /* Shaders.metal */ = {isa = PBXFileReference; fileEncoding = 4; lastKnownFileType = sourcecode.metal; path = Shaders.metal; sourceTree = "<group>"; };
		B7671F482458A7BA0075D52C /* ShaderTypes.h */ = {isa = PBXFileReference; fileEncoding = 4; lastKnownFileType = sourcecode.c.h; path = ShaderTypes.h; sourceTree = "<group>"; };
		B7671F4B2458B4440075D52C /* Vec2.cpp */ = {isa = PBXFileReference; lastKnownFileType = sourcecode.cpp.cpp; path = Vec2.cpp; sourceTree = "<group>"; };
		B7671F4C2458B4440075D52C /* Vec2.hpp */ = {isa = PBXFileReference; lastKnownFileType = sourcecode.cpp.h; path = Vec2.hpp; sourceTree = "<group>"; };
		B7671F4F2458B4E20075D52C /* Vec4.cpp */ = {isa = PBXFileReference; lastKnownFileType = sourcecode.cpp.cpp; path = Vec4.cpp; sourceTree = "<group>"; };
		B7671F502458B4E20075D52C /* Vec4.hpp */ = {isa = PBXFileReference; lastKnownFileType = sourcecode.cpp.h; path = Vec4.hpp; sourceTree = "<group>"; };
		B7671F532458B6440075D52C /* Math.hpp */ = {isa = PBXFileReference; lastKnownFileType = sourcecode.cpp.h; path = Math.hpp; sourceTree = "<group>"; };
		B7671F542458BC6A0075D52C /* Metal.hpp */ = {isa = PBXFileReference; fileEncoding = 4; lastKnownFileType = sourcecode.cpp.h; path = Metal.hpp; sourceTree = "<group>"; };
		B7671F56245B49FC0075D52C /* Library.mm */ = {isa = PBXFileReference; lastKnownFileType = sourcecode.cpp.objcpp; path = Library.mm; sourceTree = "<group>"; };
		B7671F57245B49FC0075D52C /* Library.h */ = {isa = PBXFileReference; lastKnownFileType = sourcecode.c.h; path = Library.h; sourceTree = "<group>"; };
		B7671F7A245B51C90075D52C /* Ref.h */ = {isa = PBXFileReference; fileEncoding = 4; lastKnownFileType = sourcecode.c.h; path = Ref.h; sourceTree = "<group>"; };
		B7671F7E245B51CA0075D52C /* Ref.mm */ = {isa = PBXFileReference; fileEncoding = 4; lastKnownFileType = sourcecode.cpp.objcpp; path = Ref.mm; sourceTree = "<group>"; };
		B7671F8B245B54130075D52C /* String.mm */ = {isa = PBXFileReference; lastKnownFileType = sourcecode.cpp.objcpp; path = String.mm; sourceTree = "<group>"; };
		B7671F8C245B54130075D52C /* String.h */ = {isa = PBXFileReference; lastKnownFileType = sourcecode.c.h; path = String.h; sourceTree = "<group>"; };
		B7671F90245B64630075D52C /* Function.mm */ = {isa = PBXFileReference; lastKnownFileType = sourcecode.cpp.objcpp; path = Function.mm; sourceTree = "<group>"; };
		B7671F91245B64630075D52C /* Function.h */ = {isa = PBXFileReference; lastKnownFileType = sourcecode.c.h; path = Function.h; sourceTree = "<group>"; };
		B7671F94245B68A70075D52C /* RenderPipelineDescriptor.mm */ = {isa = PBXFileReference; lastKnownFileType = sourcecode.cpp.objcpp; path = RenderPipelineDescriptor.mm; sourceTree = "<group>"; };
		B7671F95245B68A70075D52C /* RenderPipelineDescriptor.h */ = {isa = PBXFileReference; lastKnownFileType = sourcecode.c.h; path = RenderPipelineDescriptor.h; sourceTree = "<group>"; };
		B7671F98245C97B20075D52C /* RenderPipelineColorAttachmentDescriptorArray.mm */ = {isa = PBXFileReference; lastKnownFileType = sourcecode.cpp.objcpp; path = RenderPipelineColorAttachmentDescriptorArray.mm; sourceTree = "<group>"; };
		B7671F99245C97B20075D52C /* RenderPipelineColorAttachmentDescriptorArray.h */ = {isa = PBXFileReference; lastKnownFileType = sourcecode.c.h; path = RenderPipelineColorAttachmentDescriptorArray.h; sourceTree = "<group>"; };
		B7671F9C245CA1920075D52C /* Object.mm */ = {isa = PBXFileReference; lastKnownFileType = sourcecode.cpp.objcpp; path = Object.mm; sourceTree = "<group>"; };
		B7671F9D245CA1920075D52C /* Object.h */ = {isa = PBXFileReference; lastKnownFileType = sourcecode.c.h; path = Object.h; sourceTree = "<group>"; };
		B7671FA0245D544C0075D52C /* ObjectProtocol.mm */ = {isa = PBXFileReference; lastKnownFileType = sourcecode.cpp.objcpp; path = ObjectProtocol.mm; sourceTree = "<group>"; };
		B7671FA1245D544C0075D52C /* ObjectProtocol.h */ = {isa = PBXFileReference; lastKnownFileType = sourcecode.c.h; path = ObjectProtocol.h; sourceTree = "<group>"; };
		B7671FA4245D72910075D52C /* MyCpp.cpp */ = {isa = PBXFileReference; lastKnownFileType = sourcecode.cpp.cpp; path = MyCpp.cpp; sourceTree = "<group>"; };
		B7671FA5245D72910075D52C /* MyCpp.hpp */ = {isa = PBXFileReference; lastKnownFileType = sourcecode.cpp.h; path = MyCpp.hpp; sourceTree = "<group>"; };
		B7671FA8245D7BA70075D52C /* RenderPipelineColorAttachmentDescriptor.mm */ = {isa = PBXFileReference; lastKnownFileType = sourcecode.cpp.objcpp; path = RenderPipelineColorAttachmentDescriptor.mm; sourceTree = "<group>"; };
		B7671FA9245D7BA70075D52C /* RenderPipelineColorAttachmentDescriptor.h */ = {isa = PBXFileReference; lastKnownFileType = sourcecode.c.h; path = RenderPipelineColorAttachmentDescriptor.h; sourceTree = "<group>"; };
		B7671FAD245D85F40075D52C /* PixelFormat.h */ = {isa = PBXFileReference; lastKnownFileType = sourcecode.c.h; path = PixelFormat.h; sourceTree = "<group>"; };
		B7671FB0245D9B6F0075D52C /* RenderPipelineState.mm */ = {isa = PBXFileReference; lastKnownFileType = sourcecode.cpp.objcpp; path = RenderPipelineState.mm; sourceTree = "<group>"; };
		B7671FB1245D9B6F0075D52C /* RenderPipelineState.h */ = {isa = PBXFileReference; lastKnownFileType = sourcecode.c.h; path = RenderPipelineState.h; sourceTree = "<group>"; };
		B7671FB4245DA4D00075D52C /* Error.mm */ = {isa = PBXFileReference; lastKnownFileType = sourcecode.cpp.objcpp; path = Error.mm; sourceTree = "<group>"; };
		B7671FB5245DA4D00075D52C /* Error.h */ = {isa = PBXFileReference; lastKnownFileType = sourcecode.c.h; path = Error.h; sourceTree = "<group>"; };
/* End PBXFileReference section */

/* Begin PBXFrameworksBuildPhase section */
		B7671EC1244D7DC80075D52C /* Frameworks */ = {
			isa = PBXFrameworksBuildPhase;
			buildActionMask = 2147483647;
			files = (
			);
			runOnlyForDeploymentPostprocessing = 0;
		};
		B7671ED2244D85F20075D52C /* Frameworks */ = {
			isa = PBXFrameworksBuildPhase;
			buildActionMask = 2147483647;
			files = (
				B7671EFA2450D2990075D52C /* libSpirit.a in Frameworks */,
			);
			runOnlyForDeploymentPostprocessing = 0;
		};
/* End PBXFrameworksBuildPhase section */

/* Begin PBXGroup section */
		B7671EBA244D7DC80075D52C = {
			isa = PBXGroup;
			children = (
				B7671EC5244D7DC90075D52C /* Spirit */,
				B7671ED6244D85F20075D52C /* Spirit_macOS */,
				B7671EC4244D7DC80075D52C /* Products */,
				B7671EF92450D2990075D52C /* Frameworks */,
			);
			sourceTree = "<group>";
		};
		B7671EC4244D7DC80075D52C /* Products */ = {
			isa = PBXGroup;
			children = (
				B7671EC3244D7DC80075D52C /* libSpirit.a */,
				B7671ED5244D85F20075D52C /* Spirit_macOS.app */,
			);
			name = Products;
			sourceTree = "<group>";
		};
		B7671EC5244D7DC90075D52C /* Spirit */ = {
			isa = PBXGroup;
			children = (
				B7671EEA2450C4320075D52C /* apple */,
				B7671F39245749130075D52C /* spirit */,
			);
			path = Spirit;
			sourceTree = "<group>";
		};
		B7671ED6244D85F20075D52C /* Spirit_macOS */ = {
			isa = PBXGroup;
			children = (
				B7671ED7244D85F20075D52C /* AppDelegate.swift */,
				B7671ED9244D85F20075D52C /* ViewController.swift */,
				B7671EDB244D85F30075D52C /* Assets.xcassets */,
				B7671EDD244D85F30075D52C /* Main.storyboard */,
				B7671EE0244D85F30075D52C /* Info.plist */,
				B7671EE1244D85F30075D52C /* Spirit_macOS.entitlements */,
				B7671EF52450D1950075D52C /* Spirit_macOS-Bridging-Header.h */,
				B7671FA4245D72910075D52C /* MyCpp.cpp */,
				B7671FA5245D72910075D52C /* MyCpp.hpp */,
			);
			path = Spirit_macOS;
			sourceTree = "<group>";
		};
		B7671EEA2450C4320075D52C /* apple */ = {
			isa = PBXGroup;
			children = (
				B7671F7E245B51CA0075D52C /* Ref.mm */,
				B7671F7A245B51C90075D52C /* Ref.h */,
				B7671FA0245D544C0075D52C /* ObjectProtocol.mm */,
				B7671FA1245D544C0075D52C /* ObjectProtocol.h */,
				B7671F9C245CA1920075D52C /* Object.mm */,
				B7671F9D245CA1920075D52C /* Object.h */,
				B7671F8B245B54130075D52C /* String.mm */,
				B7671F8C245B54130075D52C /* String.h */,
				B7671FB4245DA4D00075D52C /* Error.mm */,
				B7671FB5245DA4D00075D52C /* Error.h */,
				B7671EEE2450C4320075D52C /* metal */,
				B7671F34245744110075D52C /* core_animation */,
			);
			path = apple;
			sourceTree = "<group>";
		};
		B7671EEE2450C4320075D52C /* metal */ = {
			isa = PBXGroup;
			children = (
				B7671F542458BC6A0075D52C /* Metal.hpp */,
				B7671F142455E5370075D52C /* Device.mm */,
				B7671F152455E5370075D52C /* Device.h */,
				B7671FB0245D9B6F0075D52C /* RenderPipelineState.mm */,
				B7671FB1245D9B6F0075D52C /* RenderPipelineState.h */,
				B7671F94245B68A70075D52C /* RenderPipelineDescriptor.mm */,
				B7671F95245B68A70075D52C /* RenderPipelineDescriptor.h */,
				B7671F98245C97B20075D52C /* RenderPipelineColorAttachmentDescriptorArray.mm */,
				B7671F99245C97B20075D52C /* RenderPipelineColorAttachmentDescriptorArray.h */,
				B7671FA8245D7BA70075D52C /* RenderPipelineColorAttachmentDescriptor.mm */,
				B7671FA9245D7BA70075D52C /* RenderPipelineColorAttachmentDescriptor.h */,
				B7671F182455E6A80075D52C /* CommandQueue.mm */,
				B7671F192455E6A80075D52C /* CommandQueue.h */,
				B7671F1C2455EB550075D52C /* CommandBuffer.mm */,
				B7671F1D2455EB550075D52C /* CommandBuffer.h */,
				B7671EF12450C54C0075D52C /* RenderPassDescriptor.mm */,
				B7671EF22450C54C0075D52C /* RenderPassDescriptor.h */,
				B7671F2424560C700075D52C /* CommandEncoder.mm */,
				B7671F2524560C700075D52C /* CommandEncoder.h */,
				B7671F2824560D9C0075D52C /* RenderCommandEncoder.mm */,
				B7671F2924560D9C0075D52C /* RenderCommandEncoder.h */,
				B7671F56245B49FC0075D52C /* Library.mm */,
				B7671F57245B49FC0075D52C /* Library.h */,
				B7671F90245B64630075D52C /* Function.mm */,
				B7671F91245B64630075D52C /* Function.h */,
				B7671F30245743AE0075D52C /* Drawable.mm */,
				B7671F31245743AE0075D52C /* Drawable.h */,
				B7671FAD245D85F40075D52C /* PixelFormat.h */,
			);
			path = metal;
			sourceTree = "<group>";
		};
		B7671EF92450D2990075D52C /* Frameworks */ = {
			isa = PBXGroup;
			children = (
			);
			name = Frameworks;
			sourceTree = "<group>";
		};
		B7671F34245744110075D52C /* core_animation */ = {
			isa = PBXGroup;
			children = (
				B7671F35245744430075D52C /* MetalDrawable.mm */,
				B7671F36245744430075D52C /* MetalDrawable.h */,
			);
			path = core_animation;
			sourceTree = "<group>";
		};
		B7671F39245749130075D52C /* spirit */ = {
			isa = PBXGroup;
			children = (
				B7671F3F245766630075D52C /* Spirit.h */,
				B7671F40245766630075D52C /* Spirit.mm */,
				B7671F3A2457492D0075D52C /* Scene.cpp */,
				B7671F3B2457492D0075D52C /* Scene.hpp */,
				B7671F482458A7BA0075D52C /* ShaderTypes.h */,
				B7671F462458A7620075D52C /* Shaders.metal */,
				B7671F4A2458B4220075D52C /* math */,
			);
			path = spirit;
			sourceTree = "<group>";
		};
		B7671F4A2458B4220075D52C /* math */ = {
			isa = PBXGroup;
			children = (
				B7671F4B2458B4440075D52C /* Vec2.cpp */,
				B7671F4C2458B4440075D52C /* Vec2.hpp */,
				B7671F4F2458B4E20075D52C /* Vec4.cpp */,
				B7671F502458B4E20075D52C /* Vec4.hpp */,
				B7568A5F245FF62C008943BA /* Geometry.cpp */,
				B7568A60245FF62C008943BA /* Geometry.hpp */,
				B7671F532458B6440075D52C /* Math.hpp */,
			);
			path = math;
			sourceTree = "<group>";
		};
/* End PBXGroup section */

/* Begin PBXHeadersBuildPhase section */
		B7671EBF244D7DC80075D52C /* Headers */ = {
			isa = PBXHeadersBuildPhase;
			buildActionMask = 2147483647;
			files = (
				B7671FA3245D544C0075D52C /* ObjectProtocol.h in Headers */,
				B7671F492458A7BA0075D52C /* ShaderTypes.h in Headers */,
				B7568A62245FF62C008943BA /* Geometry.hpp in Headers */,
				B7671F38245744430075D52C /* MetalDrawable.h in Headers */,
				B7671FB7245DA4D00075D52C /* Error.h in Headers */,
				B7671F86245B51CA0075D52C /* Ref.h in Headers */,
				B7671FB3245D9B6F0075D52C /* RenderPipelineState.h in Headers */,
				B7671F522458B4E20075D52C /* Vec4.hpp in Headers */,
				B7671F4E2458B4440075D52C /* Vec2.hpp in Headers */,
				B7671F9F245CA1920075D52C /* Object.h in Headers */,
			);
			runOnlyForDeploymentPostprocessing = 0;
		};
/* End PBXHeadersBuildPhase section */

/* Begin PBXNativeTarget section */
		B7671EC2244D7DC80075D52C /* Spirit */ = {
			isa = PBXNativeTarget;
			buildConfigurationList = B7671ECE244D7DC90075D52C /* Build configuration list for PBXNativeTarget "Spirit" */;
			buildPhases = (
				B7671EBF244D7DC80075D52C /* Headers */,
				B7671EC0244D7DC80075D52C /* Sources */,
				B7671EC1244D7DC80075D52C /* Frameworks */,
			);
			buildRules = (
			);
			dependencies = (
			);
			name = Spirit;
			productName = Spirit;
			productReference = B7671EC3244D7DC80075D52C /* libSpirit.a */;
			productType = "com.apple.product-type.library.static";
		};
		B7671ED4244D85F20075D52C /* Spirit_macOS */ = {
			isa = PBXNativeTarget;
			buildConfigurationList = B7671EE2244D85F30075D52C /* Build configuration list for PBXNativeTarget "Spirit_macOS" */;
			buildPhases = (
				B7671ED1244D85F20075D52C /* Sources */,
				B7671ED2244D85F20075D52C /* Frameworks */,
				B7671ED3244D85F20075D52C /* Resources */,
				B7568A63246078FC008943BA /* CopyFiles */,
			);
			buildRules = (
			);
			dependencies = (
			);
			name = Spirit_macOS;
			productName = Spirit_macOS;
			productReference = B7671ED5244D85F20075D52C /* Spirit_macOS.app */;
			productType = "com.apple.product-type.application";
		};
/* End PBXNativeTarget section */

/* Begin PBXProject section */
		B7671EBB244D7DC80075D52C /* Project object */ = {
			isa = PBXProject;
			attributes = {
				LastSwiftUpdateCheck = 1140;
				LastUpgradeCheck = 1140;
				ORGANIZATIONNAME = "Vanush Grigoryan";
				TargetAttributes = {
					B7671EC2244D7DC80075D52C = {
						CreatedOnToolsVersion = 11.4.1;
					};
					B7671ED4244D85F20075D52C = {
						CreatedOnToolsVersion = 11.4.1;
						LastSwiftMigration = 1140;
					};
				};
			};
			buildConfigurationList = B7671EBE244D7DC80075D52C /* Build configuration list for PBXProject "Spirit" */;
			compatibilityVersion = "Xcode 9.3";
			developmentRegion = en;
			hasScannedForEncodings = 0;
			knownRegions = (
				en,
				Base,
			);
			mainGroup = B7671EBA244D7DC80075D52C;
			productRefGroup = B7671EC4244D7DC80075D52C /* Products */;
			projectDirPath = "";
			projectRoot = "";
			targets = (
				B7671EC2244D7DC80075D52C /* Spirit */,
				B7671ED4244D85F20075D52C /* Spirit_macOS */,
			);
		};
/* End PBXProject section */

/* Begin PBXResourcesBuildPhase section */
		B7671ED3244D85F20075D52C /* Resources */ = {
			isa = PBXResourcesBuildPhase;
			buildActionMask = 2147483647;
			files = (
				B7671EDC244D85F30075D52C /* Assets.xcassets in Resources */,
				B7671EDF244D85F30075D52C /* Main.storyboard in Resources */,
			);
			runOnlyForDeploymentPostprocessing = 0;
		};
/* End PBXResourcesBuildPhase section */

/* Begin PBXSourcesBuildPhase section */
		B7671EC0244D7DC80075D52C /* Sources */ = {
			isa = PBXSourcesBuildPhase;
			buildActionMask = 2147483647;
			files = (
				B7671F9E245CA1920075D52C /* Object.mm in Sources */,
				B7671EF32450C54C0075D52C /* RenderPassDescriptor.mm in Sources */,
				B7671F8D245B54130075D52C /* String.mm in Sources */,
				B7671F32245743AE0075D52C /* Drawable.mm in Sources */,
				B7671F37245744430075D52C /* MetalDrawable.mm in Sources */,
				B7671F1E2455EB550075D52C /* CommandBuffer.mm in Sources */,
				B7671F3C2457492D0075D52C /* Scene.cpp in Sources */,
				B7671F512458B4E20075D52C /* Vec4.cpp in Sources */,
				B7671F42245766630075D52C /* Spirit.mm in Sources */,
				B7671F9A245C97B20075D52C /* RenderPipelineColorAttachmentDescriptorArray.mm in Sources */,
				B7671F92245B64630075D52C /* Function.mm in Sources */,
				B7671FAA245D7BA70075D52C /* RenderPipelineColorAttachmentDescriptor.mm in Sources */,
				B7671FB6245DA4D00075D52C /* Error.mm in Sources */,
				B7671F472458A7620075D52C /* Shaders.metal in Sources */,
				B7671F1A2455E6A80075D52C /* CommandQueue.mm in Sources */,
				B7671FB2245D9B6F0075D52C /* RenderPipelineState.mm in Sources */,
				B7671F2A24560D9C0075D52C /* RenderCommandEncoder.mm in Sources */,
				B7568A61245FF62C008943BA /* Geometry.cpp in Sources */,
				B7671F8A245B51CA0075D52C /* Ref.mm in Sources */,
				B7671F58245B49FC0075D52C /* Library.mm in Sources */,
				B7671FA2245D544C0075D52C /* ObjectProtocol.mm in Sources */,
				B7671F162455E5370075D52C /* Device.mm in Sources */,
				B7671F4D2458B4440075D52C /* Vec2.cpp in Sources */,
				B7671FA7245D79310075D52C /* RenderPipelineDescriptor.mm in Sources */,
				B7671F2624560C700075D52C /* CommandEncoder.mm in Sources */,
			);
			runOnlyForDeploymentPostprocessing = 0;
		};
		B7671ED1244D85F20075D52C /* Sources */ = {
			isa = PBXSourcesBuildPhase;
			buildActionMask = 2147483647;
			files = (
				B7568A662460823B008943BA /* Shaders.metal in Sources */,
				B7671FA6245D72910075D52C /* MyCpp.cpp in Sources */,
				B7671EDA244D85F20075D52C /* ViewController.swift in Sources */,
				B7671ED8244D85F20075D52C /* AppDelegate.swift in Sources */,
			);
			runOnlyForDeploymentPostprocessing = 0;
		};
/* End PBXSourcesBuildPhase section */

/* Begin PBXVariantGroup section */
		B7671EDD244D85F30075D52C /* Main.storyboard */ = {
			isa = PBXVariantGroup;
			children = (
				B7671EDE244D85F30075D52C /* Base */,
			);
			name = Main.storyboard;
			sourceTree = "<group>";
		};
/* End PBXVariantGroup section */

/* Begin XCBuildConfiguration section */
		B7671ECC244D7DC90075D52C /* Debug */ = {
			isa = XCBuildConfiguration;
			buildSettings = {
				ALWAYS_SEARCH_USER_PATHS = NO;
				CLANG_ANALYZER_NONNULL = YES;
				CLANG_ANALYZER_NUMBER_OBJECT_CONVERSION = YES_AGGRESSIVE;
				CLANG_CXX_LANGUAGE_STANDARD = "gnu++14";
				CLANG_CXX_LIBRARY = "libc++";
				CLANG_ENABLE_MODULES = YES;
				CLANG_ENABLE_OBJC_ARC = YES;
				CLANG_ENABLE_OBJC_WEAK = YES;
				CLANG_WARN_BLOCK_CAPTURE_AUTORELEASING = YES;
				CLANG_WARN_BOOL_CONVERSION = YES;
				CLANG_WARN_COMMA = YES;
				CLANG_WARN_CONSTANT_CONVERSION = YES;
				CLANG_WARN_DEPRECATED_OBJC_IMPLEMENTATIONS = YES;
				CLANG_WARN_DIRECT_OBJC_ISA_USAGE = YES_ERROR;
				CLANG_WARN_DOCUMENTATION_COMMENTS = YES;
				CLANG_WARN_EMPTY_BODY = YES;
				CLANG_WARN_ENUM_CONVERSION = YES;
				CLANG_WARN_INFINITE_RECURSION = YES;
				CLANG_WARN_INT_CONVERSION = YES;
				CLANG_WARN_NON_LITERAL_NULL_CONVERSION = YES;
				CLANG_WARN_OBJC_IMPLICIT_RETAIN_SELF = YES;
				CLANG_WARN_OBJC_LITERAL_CONVERSION = YES;
				CLANG_WARN_OBJC_ROOT_CLASS = YES_ERROR;
				CLANG_WARN_RANGE_LOOP_ANALYSIS = YES;
				CLANG_WARN_STRICT_PROTOTYPES = YES;
				CLANG_WARN_SUSPICIOUS_MOVE = YES;
				CLANG_WARN_UNGUARDED_AVAILABILITY = YES_AGGRESSIVE;
				CLANG_WARN_UNREACHABLE_CODE = YES;
				CLANG_WARN__DUPLICATE_METHOD_MATCH = YES;
				COPY_PHASE_STRIP = NO;
				DEBUG_INFORMATION_FORMAT = dwarf;
				ENABLE_STRICT_OBJC_MSGSEND = YES;
				ENABLE_TESTABILITY = YES;
				GCC_C_LANGUAGE_STANDARD = gnu11;
				GCC_DYNAMIC_NO_PIC = NO;
				GCC_NO_COMMON_BLOCKS = YES;
				GCC_OPTIMIZATION_LEVEL = 0;
				GCC_PREPROCESSOR_DEFINITIONS = (
					"DEBUG=1",
					"$(inherited)",
				);
				GCC_WARN_64_TO_32_BIT_CONVERSION = YES;
				GCC_WARN_ABOUT_RETURN_TYPE = YES_ERROR;
				GCC_WARN_UNDECLARED_SELECTOR = YES;
				GCC_WARN_UNINITIALIZED_AUTOS = YES_AGGRESSIVE;
				GCC_WARN_UNUSED_FUNCTION = YES;
				GCC_WARN_UNUSED_VARIABLE = YES;
				MACOSX_DEPLOYMENT_TARGET = 10.15;
				MTL_ENABLE_DEBUG_INFO = INCLUDE_SOURCE;
				MTL_FAST_MATH = YES;
				ONLY_ACTIVE_ARCH = YES;
				SDKROOT = macosx;
			};
			name = Debug;
		};
		B7671ECD244D7DC90075D52C /* Release */ = {
			isa = XCBuildConfiguration;
			buildSettings = {
				ALWAYS_SEARCH_USER_PATHS = NO;
				CLANG_ANALYZER_NONNULL = YES;
				CLANG_ANALYZER_NUMBER_OBJECT_CONVERSION = YES_AGGRESSIVE;
				CLANG_CXX_LANGUAGE_STANDARD = "gnu++14";
				CLANG_CXX_LIBRARY = "libc++";
				CLANG_ENABLE_MODULES = YES;
				CLANG_ENABLE_OBJC_ARC = YES;
				CLANG_ENABLE_OBJC_WEAK = YES;
				CLANG_WARN_BLOCK_CAPTURE_AUTORELEASING = YES;
				CLANG_WARN_BOOL_CONVERSION = YES;
				CLANG_WARN_COMMA = YES;
				CLANG_WARN_CONSTANT_CONVERSION = YES;
				CLANG_WARN_DEPRECATED_OBJC_IMPLEMENTATIONS = YES;
				CLANG_WARN_DIRECT_OBJC_ISA_USAGE = YES_ERROR;
				CLANG_WARN_DOCUMENTATION_COMMENTS = YES;
				CLANG_WARN_EMPTY_BODY = YES;
				CLANG_WARN_ENUM_CONVERSION = YES;
				CLANG_WARN_INFINITE_RECURSION = YES;
				CLANG_WARN_INT_CONVERSION = YES;
				CLANG_WARN_NON_LITERAL_NULL_CONVERSION = YES;
				CLANG_WARN_OBJC_IMPLICIT_RETAIN_SELF = YES;
				CLANG_WARN_OBJC_LITERAL_CONVERSION = YES;
				CLANG_WARN_OBJC_ROOT_CLASS = YES_ERROR;
				CLANG_WARN_RANGE_LOOP_ANALYSIS = YES;
				CLANG_WARN_STRICT_PROTOTYPES = YES;
				CLANG_WARN_SUSPICIOUS_MOVE = YES;
				CLANG_WARN_UNGUARDED_AVAILABILITY = YES_AGGRESSIVE;
				CLANG_WARN_UNREACHABLE_CODE = YES;
				CLANG_WARN__DUPLICATE_METHOD_MATCH = YES;
				COPY_PHASE_STRIP = NO;
				DEBUG_INFORMATION_FORMAT = "dwarf-with-dsym";
				ENABLE_NS_ASSERTIONS = NO;
				ENABLE_STRICT_OBJC_MSGSEND = YES;
				GCC_C_LANGUAGE_STANDARD = gnu11;
				GCC_NO_COMMON_BLOCKS = YES;
				GCC_WARN_64_TO_32_BIT_CONVERSION = YES;
				GCC_WARN_ABOUT_RETURN_TYPE = YES_ERROR;
				GCC_WARN_UNDECLARED_SELECTOR = YES;
				GCC_WARN_UNINITIALIZED_AUTOS = YES_AGGRESSIVE;
				GCC_WARN_UNUSED_FUNCTION = YES;
				GCC_WARN_UNUSED_VARIABLE = YES;
				MACOSX_DEPLOYMENT_TARGET = 10.15;
				MTL_ENABLE_DEBUG_INFO = NO;
				MTL_FAST_MATH = YES;
				SDKROOT = macosx;
			};
			name = Release;
		};
		B7671ECF244D7DC90075D52C /* Debug */ = {
			isa = XCBuildConfiguration;
			buildSettings = {
				CLANG_CXX_LANGUAGE_STANDARD = "c++17";
				CODE_SIGN_STYLE = Automatic;
				DEFINES_MODULE = NO;
				DEVELOPMENT_TEAM = M369BC24W9;
				EXECUTABLE_PREFIX = lib;
				GCC_ENABLE_CPP_EXCEPTIONS = YES;
				GCC_ENABLE_CPP_RTTI = YES;
				MODULEMAP_FILE = "";
				PRODUCT_NAME = "$(TARGET_NAME)";
				SKIP_INSTALL = YES;
			};
			name = Debug;
		};
		B7671ED0244D7DC90075D52C /* Release */ = {
			isa = XCBuildConfiguration;
			buildSettings = {
				CLANG_CXX_LANGUAGE_STANDARD = "c++17";
				CODE_SIGN_STYLE = Automatic;
				DEFINES_MODULE = NO;
				DEVELOPMENT_TEAM = M369BC24W9;
				EXECUTABLE_PREFIX = lib;
				GCC_ENABLE_CPP_EXCEPTIONS = YES;
				GCC_ENABLE_CPP_RTTI = YES;
				MODULEMAP_FILE = "";
				PRODUCT_NAME = "$(TARGET_NAME)";
				SKIP_INSTALL = YES;
			};
			name = Release;
		};
		B7671EE3244D85F30075D52C /* Debug */ = {
			isa = XCBuildConfiguration;
			buildSettings = {
				ASSETCATALOG_COMPILER_APPICON_NAME = AppIcon;
				CLANG_CXX_LANGUAGE_STANDARD = "c++17";
				CLANG_ENABLE_MODULES = YES;
				CLANG_MODULES_AUTOLINK = YES;
				CODE_SIGN_ENTITLEMENTS = Spirit_macOS/Spirit_macOS.entitlements;
				CODE_SIGN_STYLE = Automatic;
				COMBINE_HIDPI_IMAGES = YES;
				DEVELOPMENT_TEAM = M369BC24W9;
				ENABLE_HARDENED_RUNTIME = YES;
				HEADER_SEARCH_PATHS = "$(PROJECT_DIR)/Spirit";
				INFOPLIST_FILE = Spirit_macOS/Info.plist;
				LD_RUNPATH_SEARCH_PATHS = (
					"$(inherited)",
					"@executable_path/../Frameworks",
				);
				PRODUCT_BUNDLE_IDENTIFIER = "com.herospirit.Spirit-macOS";
				PRODUCT_NAME = "$(TARGET_NAME)";
				SWIFT_ACTIVE_COMPILATION_CONDITIONS = DEBUG;
				SWIFT_OBJC_BRIDGING_HEADER = "Spirit_macOS/Spirit_macOS-Bridging-Header.h";
				SWIFT_OPTIMIZATION_LEVEL = "-Onone";
				SWIFT_VERSION = 5.0;
			};
			name = Debug;
		};
		B7671EE4244D85F30075D52C /* Release */ = {
			isa = XCBuildConfiguration;
			buildSettings = {
				ASSETCATALOG_COMPILER_APPICON_NAME = AppIcon;
				CLANG_CXX_LANGUAGE_STANDARD = "c++17";
				CLANG_ENABLE_MODULES = YES;
				CLANG_MODULES_AUTOLINK = YES;
				CODE_SIGN_ENTITLEMENTS = Spirit_macOS/Spirit_macOS.entitlements;
				CODE_SIGN_STYLE = Automatic;
				COMBINE_HIDPI_IMAGES = YES;
				DEVELOPMENT_TEAM = M369BC24W9;
				ENABLE_HARDENED_RUNTIME = YES;
				HEADER_SEARCH_PATHS = "$(PROJECT_DIR)/Spirit";
				INFOPLIST_FILE = Spirit_macOS/Info.plist;
				LD_RUNPATH_SEARCH_PATHS = (
					"$(inherited)",
					"@executable_path/../Frameworks",
				);
				PRODUCT_BUNDLE_IDENTIFIER = "com.herospirit.Spirit-macOS";
				PRODUCT_NAME = "$(TARGET_NAME)";
				SWIFT_COMPILATION_MODE = wholemodule;
				SWIFT_OBJC_BRIDGING_HEADER = "Spirit_macOS/Spirit_macOS-Bridging-Header.h";
				SWIFT_OPTIMIZATION_LEVEL = "-O";
				SWIFT_VERSION = 5.0;
			};
			name = Release;
		};
/* End XCBuildConfiguration section */

/* Begin XCConfigurationList section */
		B7671EBE244D7DC80075D52C /* Build configuration list for PBXProject "Spirit" */ = {
			isa = XCConfigurationList;
			buildConfigurations = (
				B7671ECC244D7DC90075D52C /* Debug */,
				B7671ECD244D7DC90075D52C /* Release */,
			);
			defaultConfigurationIsVisible = 0;
			defaultConfigurationName = Release;
		};
		B7671ECE244D7DC90075D52C /* Build configuration list for PBXNativeTarget "Spirit" */ = {
			isa = XCConfigurationList;
			buildConfigurations = (
				B7671ECF244D7DC90075D52C /* Debug */,
				B7671ED0244D7DC90075D52C /* Release */,
			);
			defaultConfigurationIsVisible = 0;
			defaultConfigurationName = Release;
		};
		B7671EE2244D85F30075D52C /* Build configuration list for PBXNativeTarget "Spirit_macOS" */ = {
			isa = XCConfigurationList;
			buildConfigurations = (
				B7671EE3244D85F30075D52C /* Debug */,
				B7671EE4244D85F30075D52C /* Release */,
			);
			defaultConfigurationIsVisible = 0;
			defaultConfigurationName = Release;
		};
/* End XCConfigurationList section */
	};
	rootObject = B7671EBB244D7DC80075D52C /* Project object */;
}
